{
    "version": 3,
    "terraform_version": "0.11.14",
    "serial": 8,
    "lineage": "c6237f36-04ff-db59-d773-d04da9a4f925",
    "modules": [
        {
            "path": [
                "root"
            ],
            "outputs": {},
            "resources": {
                "aws_instance.web": {
                    "type": "aws_instance",
                    "depends_on": [
                        "aws_key_pair.deployer",
                        "aws_security_group.allow_tls"
                    ],
                    "primary": {
                        "id": "i-0f41d10eb609563f8",
                        "attributes": {
                            "ami": "ami-0323c3dd2da7fb37d",
                            "arn": "arn:aws:ec2:us-east-1:514430043235:instance/i-0f41d10eb609563f8",
                            "associate_public_ip_address": "true",
                            "availability_zone": "us-east-1c",
                            "cpu_core_count": "1",
                            "cpu_threads_per_core": "1",
                            "credit_specification.#": "1",
                            "credit_specification.0.cpu_credits": "standard",
                            "disable_api_termination": "false",
                            "ebs_block_device.#": "0",
                            "ebs_optimized": "false",
                            "ephemeral_block_device.#": "0",
                            "get_password_data": "false",
                            "hibernation": "false",
                            "iam_instance_profile": "",
                            "id": "i-0f41d10eb609563f8",
                            "instance_state": "running",
                            "instance_type": "t2.micro",
                            "ipv6_address_count": "0",
                            "ipv6_addresses.#": "0",
                            "key_name": "sevilTr_bastion",
                            "metadata_options.#": "1",
                            "metadata_options.0.http_endpoint": "enabled",
                            "metadata_options.0.http_put_response_hop_limit": "1",
                            "metadata_options.0.http_tokens": "optional",
                            "monitoring": "false",
                            "network_interface.#": "0",
                            "password_data": "",
                            "placement_group": "",
                            "primary_network_interface_id": "eni-07d58e61d21c22a8a",
                            "private_dns": "ip-172-31-91-28.ec2.internal",
                            "private_ip": "172.31.91.28",
                            "public_dns": "ec2-34-239-128-54.compute-1.amazonaws.com",
                            "public_ip": "34.239.128.54",
                            "root_block_device.#": "1",
                            "root_block_device.0.delete_on_termination": "true",
                            "root_block_device.0.device_name": "/dev/xvda",
                            "root_block_device.0.encrypted": "false",
                            "root_block_device.0.iops": "100",
                            "root_block_device.0.kms_key_id": "",
                            "root_block_device.0.volume_id": "vol-0bc7ecca5e9243632",
                            "root_block_device.0.volume_size": "8",
                            "root_block_device.0.volume_type": "gp2",
                            "security_groups.#": "1",
                            "security_groups.348211241": "allow_tls",
                            "source_dest_check": "true",
                            "subnet_id": "subnet-0e603b2012cdb3245",
                            "tags.%": "1",
                            "tags.Name": "HelloWorld",
                            "tenancy": "default",
                            "volume_tags.%": "0",
                            "vpc_security_group_ids.#": "1",
                            "vpc_security_group_ids.219877320": "sg-0ed6132d46ef2f679"
                        },
                        "meta": {
                            "e2bfb730-ecaa-11e6-8f88-34363bc7c4c0": {
                                "create": 600000000000,
                                "delete": 1200000000000,
                                "update": 600000000000
                            },
                            "schema_version": "1"
                        },
                        "tainted": false
                    },
                    "deposed": [],
                    "provider": "provider.aws"
                },
                "aws_key_pair.deployer": {
                    "type": "aws_key_pair",
                    "depends_on": [],
                    "primary": {
                        "id": "sevilTr_bastion",
                        "attributes": {
                            "fingerprint": "08:b7:b1:51:1d:11:4f:e0:aa:5d:cc:fd:67:68:c0:7a",
                            "id": "sevilTr_bastion",
                            "key_name": "sevilTr_bastion",
                            "key_pair_id": "key-0ce368826e9230c7f",
                            "public_key": "ssh-rsa AAAAB3NzaC1yc2EAAAADAQABAAABAQCp4dTkryIUm++2V+7dmPJCBJaOmVJtuZ0+OkW5HxMmlWqZhfva/ogkvL1jrn67Y/6wCQX47GGYliIYsOyeNpvcTrnow8ruZ3P5dFUgeHjH2LBWdlZw4EVlXUtPGSDtPd6ZxNfZnW8Oim+CUS8tOWS5DkOpZCE0tfWfhui+/gtrrRC2WPxeVm3Wk3DLhmqglJi7VvwJ0C4O1FeIbuMDa43+JJxojUC0Ck55SuPdF6J6hF65ivTxhYuZJTgxGgUkK8BBD6oFsmxaXmHl4XFfcrZF+vVC4ctiDhZivYGiPDjpzrlpWhTit7Q/Ry8bSgQ71DDmnpAnCWa/JiSEDo36OCAB ec2-user@ip-172-31-5-215.us-west-1.compute.internal",
                            "tags.%": "0"
                        },
                        "meta": {
                            "schema_version": "1"
                        },
                        "tainted": false
                    },
                    "deposed": [],
                    "provider": "provider.aws"
                },
                "aws_s3_bucket.b": {
                    "type": "aws_s3_bucket",
                    "depends_on": [],
                    "primary": {
                        "id": "my-tf-test-bucket-sevil",
                        "attributes": {
                            "acceleration_status": "",
                            "acl": "private",
                            "arn": "arn:aws:s3:::my-tf-test-bucket-sevil",
                            "bucket": "my-tf-test-bucket-sevil",
                            "bucket_domain_name": "my-tf-test-bucket-sevil.s3.amazonaws.com",
                            "bucket_regional_domain_name": "my-tf-test-bucket-sevil.s3.amazonaws.com",
                            "cors_rule.#": "0",
                            "force_destroy": "false",
                            "grant.#": "0",
                            "hosted_zone_id": "Z3AQBSTGFYJSTF",
                            "id": "my-tf-test-bucket-sevil",
                            "lifecycle_rule.#": "0",
                            "logging.#": "0",
                            "object_lock_configuration.#": "0",
                            "region": "us-east-1",
                            "replication_configuration.#": "0",
                            "request_payer": "BucketOwner",
                            "server_side_encryption_configuration.#": "0",
                            "tags.%": "2",
                            "tags.Environment": "Dev",
                            "tags.Name": "My bucket",
                            "versioning.#": "1",
                            "versioning.0.enabled": "false",
                            "versioning.0.mfa_delete": "false",
                            "website.#": "0"
                        },
                        "meta": {},
                        "tainted": false
                    },
                    "deposed": [],
                    "provider": "provider.aws"
                },
                "aws_security_group.allow_tls": {
                    "type": "aws_security_group",
                    "depends_on": [],
                    "primary": {
                        "id": "sg-0ed6132d46ef2f679",
                        "attributes": {
                            "arn": "arn:aws:ec2:us-east-1:514430043235:security-group/sg-0ed6132d46ef2f679",
                            "description": "Allow TLS inbound traffic",
                            "egress.#": "1",
                            "egress.482069346.cidr_blocks.#": "1",
                            "egress.482069346.cidr_blocks.0": "0.0.0.0/0",
                            "egress.482069346.description": "",
                            "egress.482069346.from_port": "0",
                            "egress.482069346.ipv6_cidr_blocks.#": "0",
                            "egress.482069346.prefix_list_ids.#": "0",
                            "egress.482069346.protocol": "-1",
                            "egress.482069346.security_groups.#": "0",
                            "egress.482069346.self": "false",
                            "egress.482069346.to_port": "0",
                            "id": "sg-0ed6132d46ef2f679",
                            "ingress.#": "2",
                            "ingress.1650761905.cidr_blocks.#": "1",
                            "ingress.1650761905.cidr_blocks.0": "0.0.0.0/0",
                            "ingress.1650761905.description": "TLS from VPC",
                            "ingress.1650761905.from_port": "443",
                            "ingress.1650761905.ipv6_cidr_blocks.#": "0",
                            "ingress.1650761905.prefix_list_ids.#": "0",
                            "ingress.1650761905.protocol": "tcp",
                            "ingress.1650761905.security_groups.#": "0",
                            "ingress.1650761905.self": "false",
                            "ingress.1650761905.to_port": "443",
                            "ingress.22768159.cidr_blocks.#": "1",
                            "ingress.22768159.cidr_blocks.0": "0.0.0.0/0",
                            "ingress.22768159.description": "TLS from VPC",
                            "ingress.22768159.from_port": "22",
                            "ingress.22768159.ipv6_cidr_blocks.#": "0",
                            "ingress.22768159.prefix_list_ids.#": "0",
                            "ingress.22768159.protocol": "tcp",
                            "ingress.22768159.security_groups.#": "0",
                            "ingress.22768159.self": "false",
                            "ingress.22768159.to_port": "22",
                            "name": "allow_tls",
                            "owner_id": "514430043235",
                            "revoke_rules_on_delete": "false",
                            "tags.%": "1",
                            "tags.Name": "allow_tls",
                            "vpc_id": "vpc-0eff2a304d1e40664"
                        },
                        "meta": {
                            "e2bfb730-ecaa-11e6-8f88-34363bc7c4c0": {
                                "create": 600000000000,
                                "delete": 600000000000
                            },
                            "schema_version": "1"
                        },
                        "tainted": false
                    },
                    "deposed": [],
                    "provider": "provider.aws"
                }
            },
            "depends_on": []
        }
    ]
}
