{
    "version": 3,
    "terraform_version": "0.11.14",
    "serial": 4,
    "lineage": "1a632887-ac95-4f29-6085-d5f83723dd00",
    "modules": [
        {
            "path": [
                "root"
            ],
            "outputs": {
                "instane_arn": {
                    "sensitive": false,
                    "type": "string",
                    "value": "arn:aws:ec2:us-east-1:514430043235:instance/i-0fcb3df06f1f1796b"
                },
                "instane_id": {
                    "sensitive": false,
                    "type": "string",
                    "value": "i-0fcb3df06f1f1796b"
                },
                "instane_ip": {
                    "sensitive": false,
                    "type": "string",
                    "value": "18.207.228.176"
                },
                "key_pair": {
                    "sensitive": false,
                    "type": "string",
                    "value": "farrukhs_bastion_output"
                }
            },
            "resources": {
                "aws_instance.web-output": {
                    "type": "aws_instance",
                    "depends_on": [],
                    "primary": {
                        "id": "i-0fcb3df06f1f1796b",
                        "attributes": {
                            "ami": "ami-0323c3dd2da7fb37d",
                            "arn": "arn:aws:ec2:us-east-1:514430043235:instance/i-0fcb3df06f1f1796b",
                            "associate_public_ip_address": "true",
                            "availability_zone": "us-east-1c",
                            "cpu_core_count": "1",
                            "cpu_threads_per_core": "1",
                            "credit_specification.#": "1",
                            "credit_specification.0.cpu_credits": "standard",
                            "disable_api_termination": "false",
                            "ebs_block_device.#": "0",
                            "ebs_optimized": "false",
                            "ephemeral_block_device.#": "0",
                            "get_password_data": "false",
                            "hibernation": "false",
                            "iam_instance_profile": "",
                            "id": "i-0fcb3df06f1f1796b",
                            "instance_state": "running",
                            "instance_type": "t2.micro",
                            "ipv6_address_count": "0",
                            "ipv6_addresses.#": "0",
                            "key_name": "",
                            "metadata_options.#": "1",
                            "metadata_options.0.http_endpoint": "enabled",
                            "metadata_options.0.http_put_response_hop_limit": "1",
                            "metadata_options.0.http_tokens": "optional",
                            "monitoring": "false",
                            "network_interface.#": "0",
                            "password_data": "",
                            "placement_group": "",
                            "primary_network_interface_id": "eni-02fb387640d767119",
                            "private_dns": "ip-172-31-89-224.ec2.internal",
                            "private_ip": "172.31.89.224",
                            "public_dns": "ec2-18-207-228-176.compute-1.amazonaws.com",
                            "public_ip": "18.207.228.176",
                            "root_block_device.#": "1",
                            "root_block_device.0.delete_on_termination": "true",
                            "root_block_device.0.device_name": "/dev/xvda",
                            "root_block_device.0.encrypted": "false",
                            "root_block_device.0.iops": "100",
                            "root_block_device.0.kms_key_id": "",
                            "root_block_device.0.volume_id": "vol-02b1e3dc11fdd4c4a",
                            "root_block_device.0.volume_size": "8",
                            "root_block_device.0.volume_type": "gp2",
                            "security_groups.#": "1",
                            "security_groups.3814588639": "default",
                            "source_dest_check": "true",
                            "subnet_id": "subnet-0d6fb35062872375b",
                            "tags.%": "0",
                            "tenancy": "default",
                            "volume_tags.%": "0",
                            "vpc_security_group_ids.#": "1",
                            "vpc_security_group_ids.3993709610": "sg-0d11ffdde708eb1bb"
                        },
                        "meta": {
                            "e2bfb730-ecaa-11e6-8f88-34363bc7c4c0": {
                                "create": 600000000000,
                                "delete": 1200000000000,
                                "update": 600000000000
                            },
                            "schema_version": "1"
                        },
                        "tainted": false
                    },
                    "deposed": [],
                    "provider": "provider.aws"
                },
                "aws_key_pair.us-east-1-key-output": {
                    "type": "aws_key_pair",
                    "depends_on": [],
                    "primary": {
                        "id": "farrukhs_bastion_output",
                        "attributes": {
                            "fingerprint": "08:b7:b1:51:1d:11:4f:e0:aa:5d:cc:fd:67:68:c0:7a",
                            "id": "farrukhs_bastion_output",
                            "key_name": "farrukhs_bastion_output",
                            "key_pair_id": "key-04ef5042ed428a670",
                            "public_key": "ssh-rsa AAAAB3NzaC1yc2EAAAADAQABAAABAQCp4dTkryIUm++2V+7dmPJCBJaOmVJtuZ0+OkW5HxMmlWqZhfva/ogkvL1jrn67Y/6wCQX47GGYliIYsOyeNpvcTrnow8ruZ3P5dFUgeHjH2LBWdlZw4EVlXUtPGSDtPd6ZxNfZnW8Oim+CUS8tOWS5DkOpZCE0tfWfhui+/gtrrRC2WPxeVm3Wk3DLhmqglJi7VvwJ0C4O1FeIbuMDa43+JJxojUC0Ck55SuPdF6J6hF65ivTxhYuZJTgxGgUkK8BBD6oFsmxaXmHl4XFfcrZF+vVC4ctiDhZivYGiPDjpzrlpWhTit7Q/Ry8bSgQ71DDmnpAnCWa/JiSEDo36OCAB ec2-user@ip-172-31-5-215.us-west-1.compute.internal",
                            "tags.%": "0"
                        },
                        "meta": {
                            "schema_version": "1"
                        },
                        "tainted": false
                    },
                    "deposed": [],
                    "provider": "provider.aws"
                }
            },
            "depends_on": []
        }
    ]
}
