{
    "version": 3,
    "terraform_version": "0.11.14",
    "serial": 10,
    "lineage": "d611ddc7-4a69-531d-3d93-941d8cff516c",
    "modules": [
        {
            "path": [
                "root"
            ],
            "outputs": {},
            "resources": {
                "aws_eip.allocation_ip": {
                    "type": "aws_eip",
                    "depends_on": [],
                    "primary": {
                        "id": "eipalloc-0167da662ec0f6914",
                        "attributes": {
                            "association_id": "",
                            "domain": "vpc",
                            "id": "eipalloc-0167da662ec0f6914",
                            "instance": "",
                            "network_interface": "",
                            "private_ip": "",
                            "public_dns": "ec2-18-225-25-172.us-east-2.compute.amazonaws.com",
                            "public_ip": "18.225.25.172",
                            "public_ipv4_pool": "amazon",
                            "tags.%": "4",
                            "tags.Created_by": "sevil",
                            "tags.Department": "IT",
                            "tags.Environment": "Dev",
                            "tags.Team": "infrastructure",
                            "vpc": "true"
                        },
                        "meta": {
                            "e2bfb730-ecaa-11e6-8f88-34363bc7c4c0": {
                                "delete": 180000000000,
                                "read": 900000000000,
                                "update": 300000000000
                            }
                        },
                        "tainted": false
                    },
                    "deposed": [],
                    "provider": "provider.aws"
                },
                "aws_internet_gateway.task4_IG": {
                    "type": "aws_internet_gateway",
                    "depends_on": [
                        "aws_vpc.task4_vpc"
                    ],
                    "primary": {
                        "id": "igw-0fc05345163301b11",
                        "attributes": {
                            "id": "igw-0fc05345163301b11",
                            "owner_id": "514430043235",
                            "tags.%": "4",
                            "tags.Created_by": "sevil",
                            "tags.Department": "IT",
                            "tags.Environment": "Dev",
                            "tags.Team": "infrastructure",
                            "vpc_id": "vpc-0d53edcb33935ba91"
                        },
                        "meta": {},
                        "tainted": false
                    },
                    "deposed": [],
                    "provider": "provider.aws"
                },
                "aws_key_pair.bastion_key": {
                    "type": "aws_key_pair",
                    "depends_on": [],
                    "primary": {
                        "id": "task4_Bastion_key",
                        "attributes": {
                            "fingerprint": "08:b7:b1:51:1d:11:4f:e0:aa:5d:cc:fd:67:68:c0:7a",
                            "id": "task4_Bastion_key",
                            "key_name": "task4_Bastion_key",
                            "key_pair_id": "key-01e2d8df149b85ae8",
                            "public_key": "ssh-rsa AAAAB3NzaC1yc2EAAAADAQABAAABAQCp4dTkryIUm++2V+7dmPJCBJaOmVJtuZ0+OkW5HxMmlWqZhfva/ogkvL1jrn67Y/6wCQX47GGYliIYsOyeNpvcTrnow8ruZ3P5dFUgeHjH2LBWdlZw4EVlXUtPGSDtPd6ZxNfZnW8Oim+CUS8tOWS5DkOpZCE0tfWfhui+/gtrrRC2WPxeVm3Wk3DLhmqglJi7VvwJ0C4O1FeIbuMDa43+JJxojUC0Ck55SuPdF6J6hF65ivTxhYuZJTgxGgUkK8BBD6oFsmxaXmHl4XFfcrZF+vVC4ctiDhZivYGiPDjpzrlpWhTit7Q/Ry8bSgQ71DDmnpAnCWa/JiSEDo36OCAB ec2-user@ip-172-31-5-215.us-west-1.compute.internal",
                            "tags.%": "0"
                        },
                        "meta": {
                            "schema_version": "1"
                        },
                        "tainted": false
                    },
                    "deposed": [],
                    "provider": "provider.aws"
                },
                "aws_key_pair.us-east-2-key_task4": {
                    "type": "aws_key_pair",
                    "depends_on": [],
                    "primary": {
                        "id": "task4_key",
                        "attributes": {
                            "fingerprint": "08:b7:b1:51:1d:11:4f:e0:aa:5d:cc:fd:67:68:c0:7a",
                            "id": "task4_key",
                            "key_name": "task4_key",
                            "key_pair_id": "key-0ce3e41887eff6bec",
                            "public_key": "ssh-rsa AAAAB3NzaC1yc2EAAAADAQABAAABAQCp4dTkryIUm++2V+7dmPJCBJaOmVJtuZ0+OkW5HxMmlWqZhfva/ogkvL1jrn67Y/6wCQX47GGYliIYsOyeNpvcTrnow8ruZ3P5dFUgeHjH2LBWdlZw4EVlXUtPGSDtPd6ZxNfZnW8Oim+CUS8tOWS5DkOpZCE0tfWfhui+/gtrrRC2WPxeVm3Wk3DLhmqglJi7VvwJ0C4O1FeIbuMDa43+JJxojUC0Ck55SuPdF6J6hF65ivTxhYuZJTgxGgUkK8BBD6oFsmxaXmHl4XFfcrZF+vVC4ctiDhZivYGiPDjpzrlpWhTit7Q/Ry8bSgQ71DDmnpAnCWa/JiSEDo36OCAB ec2-user@ip-172-31-5-215.us-west-1.compute.internal",
                            "tags.%": "4",
                            "tags.Created_by": "sevil",
                            "tags.Department": "IT",
                            "tags.Environment": "Dev",
                            "tags.Team": "infrastructure"
                        },
                        "meta": {
                            "schema_version": "1"
                        },
                        "tainted": false
                    },
                    "deposed": [],
                    "provider": "provider.aws"
                },
                "aws_nat_gateway.task3_ng": {
                    "type": "aws_nat_gateway",
                    "depends_on": [
                        "aws_eip.allocation_ip",
                        "aws_subnet.task4_private1"
                    ],
                    "primary": {
                        "id": "nat-0526036eb2ada7455",
                        "attributes": {
                            "allocation_id": "eipalloc-0167da662ec0f6914",
                            "id": "nat-0526036eb2ada7455",
                            "network_interface_id": "eni-0e42a2b4bfdba1aa6",
                            "private_ip": "192.168.11.54",
                            "public_ip": "18.225.25.172",
                            "subnet_id": "subnet-05a1bd575c9e4ac0e",
                            "tags.%": "4",
                            "tags.Created_by": "sevil",
                            "tags.Department": "IT",
                            "tags.Environment": "Dev",
                            "tags.Team": "infrastructure"
                        },
                        "meta": {},
                        "tainted": false
                    },
                    "deposed": [],
                    "provider": "provider.aws"
                },
                "aws_route_table.route_table2": {
                    "type": "aws_route_table",
                    "depends_on": [
                        "aws_internet_gateway.task4_IG",
                        "aws_vpc.task4_vpc"
                    ],
                    "primary": {
                        "id": "rtb-038bf9c37f492ba42",
                        "attributes": {
                            "id": "rtb-038bf9c37f492ba42",
                            "owner_id": "514430043235",
                            "propagating_vgws.#": "0",
                            "route.#": "1",
                            "route.373398459.cidr_block": "0.0.0.0/0",
                            "route.373398459.egress_only_gateway_id": "",
                            "route.373398459.gateway_id": "igw-0fc05345163301b11",
                            "route.373398459.instance_id": "",
                            "route.373398459.ipv6_cidr_block": "",
                            "route.373398459.nat_gateway_id": "",
                            "route.373398459.network_interface_id": "",
                            "route.373398459.transit_gateway_id": "",
                            "route.373398459.vpc_peering_connection_id": "",
                            "tags.%": "4",
                            "tags.Created_by": "sevil",
                            "tags.Department": "IT",
                            "tags.Environment": "Dev",
                            "tags.Team": "infrastructure",
                            "vpc_id": "vpc-0d53edcb33935ba91"
                        },
                        "meta": {},
                        "tainted": false
                    },
                    "deposed": [],
                    "provider": "provider.aws"
                },
                "aws_route_table.route_table_private__new": {
                    "type": "aws_route_table",
                    "depends_on": [
                        "aws_internet_gateway.task4_IG",
                        "aws_vpc.task4_vpc"
                    ],
                    "primary": {
                        "id": "rtb-0559d5fe809364e9d",
                        "attributes": {
                            "id": "rtb-0559d5fe809364e9d",
                            "owner_id": "514430043235",
                            "propagating_vgws.#": "0",
                            "route.#": "1",
                            "route.373398459.cidr_block": "0.0.0.0/0",
                            "route.373398459.egress_only_gateway_id": "",
                            "route.373398459.gateway_id": "igw-0fc05345163301b11",
                            "route.373398459.instance_id": "",
                            "route.373398459.ipv6_cidr_block": "",
                            "route.373398459.nat_gateway_id": "",
                            "route.373398459.network_interface_id": "",
                            "route.373398459.transit_gateway_id": "",
                            "route.373398459.vpc_peering_connection_id": "",
                            "tags.%": "4",
                            "tags.Created_by": "sevil",
                            "tags.Department": "IT",
                            "tags.Environment": "Dev",
                            "tags.Team": "infrastructure",
                            "vpc_id": "vpc-0d53edcb33935ba91"
                        },
                        "meta": {},
                        "tainted": false
                    },
                    "deposed": [],
                    "provider": "provider.aws"
                },
                "aws_route_table_association.c1": {
                    "type": "aws_route_table_association",
                    "depends_on": [
                        "aws_route_table.route_table2",
                        "aws_subnet.task4_public1"
                    ],
                    "primary": {
                        "id": "rtbassoc-0c0dcd0615de75806",
                        "attributes": {
                            "id": "rtbassoc-0c0dcd0615de75806",
                            "route_table_id": "rtb-038bf9c37f492ba42",
                            "subnet_id": "subnet-0e68e5045e44f0b6e"
                        },
                        "meta": {},
                        "tainted": false
                    },
                    "deposed": [],
                    "provider": "provider.aws"
                },
                "aws_route_table_association.c2": {
                    "type": "aws_route_table_association",
                    "depends_on": [
                        "aws_route_table.route_table2",
                        "aws_subnet.task4_public2"
                    ],
                    "primary": {
                        "id": "rtbassoc-059e64b83d6da385f",
                        "attributes": {
                            "id": "rtbassoc-059e64b83d6da385f",
                            "route_table_id": "rtb-038bf9c37f492ba42",
                            "subnet_id": "subnet-017a2657a6d809564"
                        },
                        "meta": {},
                        "tainted": false
                    },
                    "deposed": [],
                    "provider": "provider.aws"
                },
                "aws_route_table_association.c3": {
                    "type": "aws_route_table_association",
                    "depends_on": [
                        "aws_route_table.route_table2",
                        "aws_subnet.task4_public3"
                    ],
                    "primary": {
                        "id": "rtbassoc-0565e95a44f4f94cb",
                        "attributes": {
                            "id": "rtbassoc-0565e95a44f4f94cb",
                            "route_table_id": "rtb-038bf9c37f492ba42",
                            "subnet_id": "subnet-0a553d307d3d433dc"
                        },
                        "meta": {},
                        "tainted": false
                    },
                    "deposed": [],
                    "provider": "provider.aws"
                },
                "aws_route_table_association.prv_11": {
                    "type": "aws_route_table_association",
                    "depends_on": [
                        "aws_route_table.route_table_private__new",
                        "aws_subnet.task4_private1"
                    ],
                    "primary": {
                        "id": "rtbassoc-0a2dec430a3f492d6",
                        "attributes": {
                            "id": "rtbassoc-0a2dec430a3f492d6",
                            "route_table_id": "rtb-0559d5fe809364e9d",
                            "subnet_id": "subnet-05a1bd575c9e4ac0e"
                        },
                        "meta": {},
                        "tainted": false
                    },
                    "deposed": [],
                    "provider": "provider.aws"
                },
                "aws_route_table_association.prv_22": {
                    "type": "aws_route_table_association",
                    "depends_on": [
                        "aws_route_table.route_table_private__new",
                        "aws_subnet.task4_private2"
                    ],
                    "primary": {
                        "id": "rtbassoc-0d2b4e731bf529cba",
                        "attributes": {
                            "id": "rtbassoc-0d2b4e731bf529cba",
                            "route_table_id": "rtb-0559d5fe809364e9d",
                            "subnet_id": "subnet-02dab0db49c68e131"
                        },
                        "meta": {},
                        "tainted": false
                    },
                    "deposed": [],
                    "provider": "provider.aws"
                },
                "aws_route_table_association.prv_33": {
                    "type": "aws_route_table_association",
                    "depends_on": [
                        "aws_route_table.route_table_private__new",
                        "aws_subnet.task4_private3"
                    ],
                    "primary": {
                        "id": "rtbassoc-09abc1e078e19a4bf",
                        "attributes": {
                            "id": "rtbassoc-09abc1e078e19a4bf",
                            "route_table_id": "rtb-0559d5fe809364e9d",
                            "subnet_id": "subnet-0809953ca4e302d89"
                        },
                        "meta": {},
                        "tainted": false
                    },
                    "deposed": [],
                    "provider": "provider.aws"
                },
                "aws_security_group.allow_tls_TASK4": {
                    "type": "aws_security_group",
                    "depends_on": [
                        "aws_vpc.task4_vpc"
                    ],
                    "primary": {
                        "id": "sg-04bb825dc1d1b2615",
                        "attributes": {
                            "arn": "arn:aws:ec2:us-east-2:514430043235:security-group/sg-04bb825dc1d1b2615",
                            "description": "Allow TLS inbound traffic",
                            "egress.#": "1",
                            "egress.482069346.cidr_blocks.#": "1",
                            "egress.482069346.cidr_blocks.0": "0.0.0.0/0",
                            "egress.482069346.description": "",
                            "egress.482069346.from_port": "0",
                            "egress.482069346.ipv6_cidr_blocks.#": "0",
                            "egress.482069346.prefix_list_ids.#": "0",
                            "egress.482069346.protocol": "-1",
                            "egress.482069346.security_groups.#": "0",
                            "egress.482069346.self": "false",
                            "egress.482069346.to_port": "0",
                            "id": "sg-04bb825dc1d1b2615",
                            "ingress.#": "1",
                            "ingress.22768159.cidr_blocks.#": "1",
                            "ingress.22768159.cidr_blocks.0": "0.0.0.0/0",
                            "ingress.22768159.description": "TLS from VPC",
                            "ingress.22768159.from_port": "22",
                            "ingress.22768159.ipv6_cidr_blocks.#": "0",
                            "ingress.22768159.prefix_list_ids.#": "0",
                            "ingress.22768159.protocol": "tcp",
                            "ingress.22768159.security_groups.#": "0",
                            "ingress.22768159.self": "false",
                            "ingress.22768159.to_port": "22",
                            "name": "allow_tls2",
                            "owner_id": "514430043235",
                            "revoke_rules_on_delete": "false",
                            "tags.%": "4",
                            "tags.Created_by": "sevil",
                            "tags.Department": "IT",
                            "tags.Environment": "Dev",
                            "tags.Team": "infrastructure",
                            "vpc_id": "vpc-0d53edcb33935ba91"
                        },
                        "meta": {
                            "e2bfb730-ecaa-11e6-8f88-34363bc7c4c0": {
                                "create": 600000000000,
                                "delete": 600000000000
                            },
                            "schema_version": "1"
                        },
                        "tainted": false
                    },
                    "deposed": [],
                    "provider": "provider.aws"
                },
                "aws_security_group.allow_tls_TASK4_web": {
                    "type": "aws_security_group",
                    "depends_on": [
                        "aws_vpc.task4_vpc"
                    ],
                    "primary": {
                        "id": "sg-0af6f3a9fb0287e41",
                        "attributes": {
                            "arn": "arn:aws:ec2:us-east-2:514430043235:security-group/sg-0af6f3a9fb0287e41",
                            "description": "Allow TLS inbound traffic",
                            "egress.#": "1",
                            "egress.482069346.cidr_blocks.#": "1",
                            "egress.482069346.cidr_blocks.0": "0.0.0.0/0",
                            "egress.482069346.description": "",
                            "egress.482069346.from_port": "0",
                            "egress.482069346.ipv6_cidr_blocks.#": "0",
                            "egress.482069346.prefix_list_ids.#": "0",
                            "egress.482069346.protocol": "-1",
                            "egress.482069346.security_groups.#": "0",
                            "egress.482069346.self": "false",
                            "egress.482069346.to_port": "0",
                            "id": "sg-0af6f3a9fb0287e41",
                            "ingress.#": "3",
                            "ingress.1650761905.cidr_blocks.#": "1",
                            "ingress.1650761905.cidr_blocks.0": "0.0.0.0/0",
                            "ingress.1650761905.description": "TLS from VPC",
                            "ingress.1650761905.from_port": "443",
                            "ingress.1650761905.ipv6_cidr_blocks.#": "0",
                            "ingress.1650761905.prefix_list_ids.#": "0",
                            "ingress.1650761905.protocol": "tcp",
                            "ingress.1650761905.security_groups.#": "0",
                            "ingress.1650761905.self": "false",
                            "ingress.1650761905.to_port": "443",
                            "ingress.2156912855.cidr_blocks.#": "1",
                            "ingress.2156912855.cidr_blocks.0": "0.0.0.0/0",
                            "ingress.2156912855.description": "TLS from VPC",
                            "ingress.2156912855.from_port": "80",
                            "ingress.2156912855.ipv6_cidr_blocks.#": "0",
                            "ingress.2156912855.prefix_list_ids.#": "0",
                            "ingress.2156912855.protocol": "tcp",
                            "ingress.2156912855.security_groups.#": "0",
                            "ingress.2156912855.self": "false",
                            "ingress.2156912855.to_port": "80",
                            "ingress.22768159.cidr_blocks.#": "1",
                            "ingress.22768159.cidr_blocks.0": "0.0.0.0/0",
                            "ingress.22768159.description": "TLS from VPC",
                            "ingress.22768159.from_port": "22",
                            "ingress.22768159.ipv6_cidr_blocks.#": "0",
                            "ingress.22768159.prefix_list_ids.#": "0",
                            "ingress.22768159.protocol": "tcp",
                            "ingress.22768159.security_groups.#": "0",
                            "ingress.22768159.self": "false",
                            "ingress.22768159.to_port": "22",
                            "name": "allow_tls2_web",
                            "owner_id": "514430043235",
                            "revoke_rules_on_delete": "false",
                            "tags.%": "4",
                            "tags.Created_by": "sevil",
                            "tags.Department": "IT",
                            "tags.Environment": "Dev",
                            "tags.Team": "infrastructure",
                            "vpc_id": "vpc-0d53edcb33935ba91"
                        },
                        "meta": {
                            "e2bfb730-ecaa-11e6-8f88-34363bc7c4c0": {
                                "create": 600000000000,
                                "delete": 600000000000
                            },
                            "schema_version": "1"
                        },
                        "tainted": false
                    },
                    "deposed": [],
                    "provider": "provider.aws"
                },
                "aws_subnet.task4_private1": {
                    "type": "aws_subnet",
                    "depends_on": [
                        "aws_vpc.task4_vpc"
                    ],
                    "primary": {
                        "id": "subnet-05a1bd575c9e4ac0e",
                        "attributes": {
                            "arn": "arn:aws:ec2:us-east-2:514430043235:subnet/subnet-05a1bd575c9e4ac0e",
                            "assign_ipv6_address_on_creation": "false",
                            "availability_zone": "us-east-2a",
                            "availability_zone_id": "use2-az1",
                            "cidr_block": "192.168.11.0/24",
                            "id": "subnet-05a1bd575c9e4ac0e",
                            "ipv6_cidr_block": "",
                            "ipv6_cidr_block_association_id": "",
                            "map_public_ip_on_launch": "false",
                            "owner_id": "514430043235",
                            "tags.%": "4",
                            "tags.Created_by": "sevil",
                            "tags.Department": "IT",
                            "tags.Environment": "Dev",
                            "tags.Team": "infrastructure",
                            "vpc_id": "vpc-0d53edcb33935ba91"
                        },
                        "meta": {
                            "e2bfb730-ecaa-11e6-8f88-34363bc7c4c0": {
                                "create": 600000000000,
                                "delete": 1200000000000
                            },
                            "schema_version": "1"
                        },
                        "tainted": false
                    },
                    "deposed": [],
                    "provider": "provider.aws"
                },
                "aws_subnet.task4_private2": {
                    "type": "aws_subnet",
                    "depends_on": [
                        "aws_vpc.task4_vpc"
                    ],
                    "primary": {
                        "id": "subnet-02dab0db49c68e131",
                        "attributes": {
                            "arn": "arn:aws:ec2:us-east-2:514430043235:subnet/subnet-02dab0db49c68e131",
                            "assign_ipv6_address_on_creation": "false",
                            "availability_zone": "us-east-2c",
                            "availability_zone_id": "use2-az3",
                            "cidr_block": "192.168.12.0/24",
                            "id": "subnet-02dab0db49c68e131",
                            "ipv6_cidr_block": "",
                            "ipv6_cidr_block_association_id": "",
                            "map_public_ip_on_launch": "false",
                            "owner_id": "514430043235",
                            "tags.%": "4",
                            "tags.Created_by": "sevil",
                            "tags.Department": "IT",
                            "tags.Environment": "Dev",
                            "tags.Team": "infrastructure",
                            "vpc_id": "vpc-0d53edcb33935ba91"
                        },
                        "meta": {
                            "e2bfb730-ecaa-11e6-8f88-34363bc7c4c0": {
                                "create": 600000000000,
                                "delete": 1200000000000
                            },
                            "schema_version": "1"
                        },
                        "tainted": false
                    },
                    "deposed": [],
                    "provider": "provider.aws"
                },
                "aws_subnet.task4_private3": {
                    "type": "aws_subnet",
                    "depends_on": [
                        "aws_vpc.task4_vpc"
                    ],
                    "primary": {
                        "id": "subnet-0809953ca4e302d89",
                        "attributes": {
                            "arn": "arn:aws:ec2:us-east-2:514430043235:subnet/subnet-0809953ca4e302d89",
                            "assign_ipv6_address_on_creation": "false",
                            "availability_zone": "us-east-2a",
                            "availability_zone_id": "use2-az1",
                            "cidr_block": "192.168.13.0/24",
                            "id": "subnet-0809953ca4e302d89",
                            "ipv6_cidr_block": "",
                            "ipv6_cidr_block_association_id": "",
                            "map_public_ip_on_launch": "false",
                            "owner_id": "514430043235",
                            "tags.%": "4",
                            "tags.Created_by": "sevil",
                            "tags.Department": "IT",
                            "tags.Environment": "Dev",
                            "tags.Team": "infrastructure",
                            "vpc_id": "vpc-0d53edcb33935ba91"
                        },
                        "meta": {
                            "e2bfb730-ecaa-11e6-8f88-34363bc7c4c0": {
                                "create": 600000000000,
                                "delete": 1200000000000
                            },
                            "schema_version": "1"
                        },
                        "tainted": false
                    },
                    "deposed": [],
                    "provider": "provider.aws"
                },
                "aws_subnet.task4_public1": {
                    "type": "aws_subnet",
                    "depends_on": [
                        "aws_vpc.task4_vpc"
                    ],
                    "primary": {
                        "id": "subnet-0e68e5045e44f0b6e",
                        "attributes": {
                            "arn": "arn:aws:ec2:us-east-2:514430043235:subnet/subnet-0e68e5045e44f0b6e",
                            "assign_ipv6_address_on_creation": "false",
                            "availability_zone": "us-east-2b",
                            "availability_zone_id": "use2-az2",
                            "cidr_block": "192.168.1.0/24",
                            "id": "subnet-0e68e5045e44f0b6e",
                            "ipv6_cidr_block": "",
                            "ipv6_cidr_block_association_id": "",
                            "map_public_ip_on_launch": "false",
                            "owner_id": "514430043235",
                            "tags.%": "4",
                            "tags.Created_by": "sevil",
                            "tags.Department": "IT",
                            "tags.Environment": "Dev",
                            "tags.Team": "infrastructure",
                            "vpc_id": "vpc-0d53edcb33935ba91"
                        },
                        "meta": {
                            "e2bfb730-ecaa-11e6-8f88-34363bc7c4c0": {
                                "create": 600000000000,
                                "delete": 1200000000000
                            },
                            "schema_version": "1"
                        },
                        "tainted": false
                    },
                    "deposed": [],
                    "provider": "provider.aws"
                },
                "aws_subnet.task4_public2": {
                    "type": "aws_subnet",
                    "depends_on": [
                        "aws_vpc.task4_vpc"
                    ],
                    "primary": {
                        "id": "subnet-017a2657a6d809564",
                        "attributes": {
                            "arn": "arn:aws:ec2:us-east-2:514430043235:subnet/subnet-017a2657a6d809564",
                            "assign_ipv6_address_on_creation": "false",
                            "availability_zone": "us-east-2b",
                            "availability_zone_id": "use2-az2",
                            "cidr_block": "192.168.2.0/24",
                            "id": "subnet-017a2657a6d809564",
                            "ipv6_cidr_block": "",
                            "ipv6_cidr_block_association_id": "",
                            "map_public_ip_on_launch": "false",
                            "owner_id": "514430043235",
                            "tags.%": "4",
                            "tags.Created_by": "sevil",
                            "tags.Department": "IT",
                            "tags.Environment": "Dev",
                            "tags.Team": "infrastructure",
                            "vpc_id": "vpc-0d53edcb33935ba91"
                        },
                        "meta": {
                            "e2bfb730-ecaa-11e6-8f88-34363bc7c4c0": {
                                "create": 600000000000,
                                "delete": 1200000000000
                            },
                            "schema_version": "1"
                        },
                        "tainted": false
                    },
                    "deposed": [],
                    "provider": "provider.aws"
                },
                "aws_subnet.task4_public3": {
                    "type": "aws_subnet",
                    "depends_on": [
                        "aws_vpc.task4_vpc"
                    ],
                    "primary": {
                        "id": "subnet-0a553d307d3d433dc",
                        "attributes": {
                            "arn": "arn:aws:ec2:us-east-2:514430043235:subnet/subnet-0a553d307d3d433dc",
                            "assign_ipv6_address_on_creation": "false",
                            "availability_zone": "us-east-2a",
                            "availability_zone_id": "use2-az1",
                            "cidr_block": "192.168.3.0/24",
                            "id": "subnet-0a553d307d3d433dc",
                            "ipv6_cidr_block": "",
                            "ipv6_cidr_block_association_id": "",
                            "map_public_ip_on_launch": "false",
                            "owner_id": "514430043235",
                            "tags.%": "4",
                            "tags.Created_by": "sevil",
                            "tags.Department": "IT",
                            "tags.Environment": "Dev",
                            "tags.Team": "infrastructure",
                            "vpc_id": "vpc-0d53edcb33935ba91"
                        },
                        "meta": {
                            "e2bfb730-ecaa-11e6-8f88-34363bc7c4c0": {
                                "create": 600000000000,
                                "delete": 1200000000000
                            },
                            "schema_version": "1"
                        },
                        "tainted": false
                    },
                    "deposed": [],
                    "provider": "provider.aws"
                },
                "aws_vpc.task4_vpc": {
                    "type": "aws_vpc",
                    "depends_on": [],
                    "primary": {
                        "id": "vpc-0d53edcb33935ba91",
                        "attributes": {
                            "arn": "arn:aws:ec2:us-east-2:514430043235:vpc/vpc-0d53edcb33935ba91",
                            "assign_generated_ipv6_cidr_block": "false",
                            "cidr_block": "192.168.0.0/16",
                            "default_network_acl_id": "acl-0e6ab4b60ad2a9f5c",
                            "default_route_table_id": "rtb-04659b2c34dfb9697",
                            "default_security_group_id": "sg-0337cc51a6c85c399",
                            "dhcp_options_id": "dopt-e614b88d",
                            "enable_dns_hostnames": "false",
                            "enable_dns_support": "true",
                            "id": "vpc-0d53edcb33935ba91",
                            "instance_tenancy": "default",
                            "ipv6_association_id": "",
                            "ipv6_cidr_block": "",
                            "main_route_table_id": "rtb-04659b2c34dfb9697",
                            "owner_id": "514430043235",
                            "tags.%": "4",
                            "tags.Created_by": "sevil",
                            "tags.Department": "IT",
                            "tags.Environment": "Dev",
                            "tags.Team": "infrastructure"
                        },
                        "meta": {
                            "schema_version": "1"
                        },
                        "tainted": false
                    },
                    "deposed": [],
                    "provider": "provider.aws"
                }
            },
            "depends_on": []
        }
    ]
}
