{
    "version": 3,
    "terraform_version": "0.11.14",
    "serial": 37,
    "lineage": "d611ddc7-4a69-531d-3d93-941d8cff516c",
    "modules": [
        {
            "path": [
                "root"
            ],
            "outputs": {
                "vpc_cidr_block ": {
                    "sensitive": false,
                    "type": "string",
                    "value": "vpc-06ba60c78fceae4f8"
                }
            },
            "resources": {
                "aws_eip.allocation_ip": {
                    "type": "aws_eip",
                    "depends_on": [],
                    "primary": {
                        "id": "eipalloc-0d63c1c54e3e7dd27",
                        "attributes": {
                            "association_id": "eipassoc-05159a25b737f81d8",
                            "domain": "vpc",
                            "id": "eipalloc-0d63c1c54e3e7dd27",
                            "instance": "",
                            "network_interface": "eni-055e04f6de16c83bc",
                            "private_dns": "ip-192-168-11-235.us-east-2.compute.internal",
                            "private_ip": "192.168.11.235",
                            "public_dns": "ec2-18-190-10-45.us-east-2.compute.amazonaws.com",
                            "public_ip": "18.190.10.45",
                            "public_ipv4_pool": "amazon",
                            "tags.%": "4",
                            "tags.Created_by": "sevil",
                            "tags.Department": "IT",
                            "tags.Environment": "Dev",
                            "tags.Team": "infrastructure",
                            "vpc": "true"
                        },
                        "meta": {
                            "e2bfb730-ecaa-11e6-8f88-34363bc7c4c0": {
                                "delete": 180000000000,
                                "read": 900000000000,
                                "update": 300000000000
                            }
                        },
                        "tainted": false
                    },
                    "deposed": [],
                    "provider": "provider.aws"
                },
                "aws_instance.task4": {
                    "type": "aws_instance",
                    "depends_on": [
                        "aws_key_pair.us-east-2-key_task4",
                        "aws_security_group.allow_tls_TASK4",
                        "aws_subnet.task4_public1"
                    ],
                    "primary": {
                        "id": "i-09bb3f23cc8818124",
                        "attributes": {
                            "ami": "ami-01e36b7901e884a10",
                            "arn": "arn:aws:ec2:us-east-2:514430043235:instance/i-09bb3f23cc8818124",
                            "associate_public_ip_address": "true",
                            "availability_zone": "us-east-2a",
                            "cpu_core_count": "1",
                            "cpu_threads_per_core": "1",
                            "credit_specification.#": "1",
                            "credit_specification.0.cpu_credits": "standard",
                            "disable_api_termination": "false",
                            "ebs_block_device.#": "0",
                            "ebs_optimized": "false",
                            "ephemeral_block_device.#": "0",
                            "get_password_data": "false",
                            "hibernation": "false",
                            "iam_instance_profile": "",
                            "id": "i-09bb3f23cc8818124",
                            "instance_state": "running",
                            "instance_type": "t2.micro",
                            "ipv6_address_count": "0",
                            "ipv6_addresses.#": "0",
                            "key_name": "task4_key",
                            "metadata_options.#": "1",
                            "metadata_options.0.http_endpoint": "enabled",
                            "metadata_options.0.http_put_response_hop_limit": "1",
                            "metadata_options.0.http_tokens": "optional",
                            "monitoring": "false",
                            "network_interface.#": "0",
                            "password_data": "",
                            "placement_group": "",
                            "primary_network_interface_id": "eni-0e40857778a9fdbc2",
                            "private_dns": "ip-192-168-1-141.us-east-2.compute.internal",
                            "private_ip": "192.168.1.141",
                            "public_dns": "",
                            "public_ip": "3.22.42.59",
                            "root_block_device.#": "1",
                            "root_block_device.0.delete_on_termination": "false",
                            "root_block_device.0.device_name": "/dev/sda1",
                            "root_block_device.0.encrypted": "false",
                            "root_block_device.0.iops": "100",
                            "root_block_device.0.kms_key_id": "",
                            "root_block_device.0.volume_id": "vol-0cda1c6c6b733cb44",
                            "root_block_device.0.volume_size": "8",
                            "root_block_device.0.volume_type": "gp2",
                            "security_groups.#": "0",
                            "source_dest_check": "false",
                            "subnet_id": "subnet-0c7028338b3de6061",
                            "tags.%": "1",
                            "tags.Name": "task4_Bastion",
                            "tenancy": "default",
                            "volume_tags.%": "0",
                            "vpc_security_group_ids.#": "1",
                            "vpc_security_group_ids.877085295": "sg-0ccf17e1a1bd8289f"
                        },
                        "meta": {
                            "e2bfb730-ecaa-11e6-8f88-34363bc7c4c0": {
                                "create": 600000000000,
                                "delete": 1200000000000,
                                "update": 600000000000
                            },
                            "schema_version": "1"
                        },
                        "tainted": false
                    },
                    "deposed": [],
                    "provider": "provider.aws"
                },
                "aws_instance.task4_db": {
                    "type": "aws_instance",
                    "depends_on": [
                        "aws_key_pair.bastion_key",
                        "aws_security_group.allow_tls_TASK4_db",
                        "aws_subnet.task4_private1"
                    ],
                    "primary": {
                        "id": "i-072798a6af8dde5a3",
                        "attributes": {
                            "ami": "ami-01e36b7901e884a10",
                            "arn": "arn:aws:ec2:us-east-2:514430043235:instance/i-072798a6af8dde5a3",
                            "associate_public_ip_address": "true",
                            "availability_zone": "us-east-2a",
                            "cpu_core_count": "1",
                            "cpu_threads_per_core": "1",
                            "credit_specification.#": "1",
                            "credit_specification.0.cpu_credits": "standard",
                            "disable_api_termination": "false",
                            "ebs_block_device.#": "0",
                            "ebs_optimized": "false",
                            "ephemeral_block_device.#": "0",
                            "get_password_data": "false",
                            "hibernation": "false",
                            "iam_instance_profile": "",
                            "id": "i-072798a6af8dde5a3",
                            "instance_state": "running",
                            "instance_type": "t2.micro",
                            "ipv6_address_count": "0",
                            "ipv6_addresses.#": "0",
                            "key_name": "task4_Bastion_key",
                            "metadata_options.#": "1",
                            "metadata_options.0.http_endpoint": "enabled",
                            "metadata_options.0.http_put_response_hop_limit": "1",
                            "metadata_options.0.http_tokens": "optional",
                            "monitoring": "false",
                            "network_interface.#": "0",
                            "password_data": "",
                            "placement_group": "",
                            "primary_network_interface_id": "eni-0f664764195455e43",
                            "private_dns": "ip-192-168-11-39.us-east-2.compute.internal",
                            "private_ip": "192.168.11.39",
                            "public_dns": "",
                            "public_ip": "18.224.52.208",
                            "root_block_device.#": "1",
                            "root_block_device.0.delete_on_termination": "false",
                            "root_block_device.0.device_name": "/dev/sda1",
                            "root_block_device.0.encrypted": "false",
                            "root_block_device.0.iops": "100",
                            "root_block_device.0.kms_key_id": "",
                            "root_block_device.0.volume_id": "vol-005e29389d56546ba",
                            "root_block_device.0.volume_size": "8",
                            "root_block_device.0.volume_type": "gp2",
                            "security_groups.#": "0",
                            "source_dest_check": "false",
                            "subnet_id": "subnet-01e0238f77576facf",
                            "tags.%": "1",
                            "tags.Name": "task4_DB",
                            "tenancy": "default",
                            "user_data": "14bb1fc6dc00ff7d74b181d28df79ec935c4b07c",
                            "volume_tags.%": "0",
                            "vpc_security_group_ids.#": "1",
                            "vpc_security_group_ids.2672730750": "sg-0cb22a6ac62e83a2d"
                        },
                        "meta": {
                            "e2bfb730-ecaa-11e6-8f88-34363bc7c4c0": {
                                "create": 600000000000,
                                "delete": 1200000000000,
                                "update": 600000000000
                            },
                            "schema_version": "1"
                        },
                        "tainted": false
                    },
                    "deposed": [],
                    "provider": "provider.aws"
                },
                "aws_instance.task4_web": {
                    "type": "aws_instance",
                    "depends_on": [
                        "aws_key_pair.bastion_key",
                        "aws_security_group.allow_tls_TASK4_web",
                        "aws_subnet.task4_public1"
                    ],
                    "primary": {
                        "id": "i-07f8a9e847cb62894",
                        "attributes": {
                            "ami": "ami-01e36b7901e884a10",
                            "arn": "arn:aws:ec2:us-east-2:514430043235:instance/i-07f8a9e847cb62894",
                            "associate_public_ip_address": "true",
                            "availability_zone": "us-east-2a",
                            "cpu_core_count": "1",
                            "cpu_threads_per_core": "1",
                            "credit_specification.#": "1",
                            "credit_specification.0.cpu_credits": "standard",
                            "disable_api_termination": "false",
                            "ebs_block_device.#": "0",
                            "ebs_optimized": "false",
                            "ephemeral_block_device.#": "0",
                            "get_password_data": "false",
                            "hibernation": "false",
                            "iam_instance_profile": "",
                            "id": "i-07f8a9e847cb62894",
                            "instance_state": "running",
                            "instance_type": "t2.micro",
                            "ipv6_address_count": "0",
                            "ipv6_addresses.#": "0",
                            "key_name": "task4_Bastion_key",
                            "metadata_options.#": "1",
                            "metadata_options.0.http_endpoint": "enabled",
                            "metadata_options.0.http_put_response_hop_limit": "1",
                            "metadata_options.0.http_tokens": "optional",
                            "monitoring": "false",
                            "network_interface.#": "0",
                            "password_data": "",
                            "placement_group": "",
                            "primary_network_interface_id": "eni-0421f21dacd927a28",
                            "private_dns": "ip-192-168-1-203.us-east-2.compute.internal",
                            "private_ip": "192.168.1.203",
                            "public_dns": "",
                            "public_ip": "18.191.157.115",
                            "root_block_device.#": "1",
                            "root_block_device.0.delete_on_termination": "false",
                            "root_block_device.0.device_name": "/dev/sda1",
                            "root_block_device.0.encrypted": "false",
                            "root_block_device.0.iops": "100",
                            "root_block_device.0.kms_key_id": "",
                            "root_block_device.0.volume_id": "vol-0b46d6da2053ca815",
                            "root_block_device.0.volume_size": "8",
                            "root_block_device.0.volume_type": "gp2",
                            "security_groups.#": "0",
                            "source_dest_check": "false",
                            "subnet_id": "subnet-0c7028338b3de6061",
                            "tags.%": "1",
                            "tags.Name": "task4_Web",
                            "tenancy": "default",
                            "user_data": "85fd2f29d785fd5ecd026914ebab03a52ca881d2",
                            "volume_tags.%": "0",
                            "vpc_security_group_ids.#": "1",
                            "vpc_security_group_ids.3689278753": "sg-0a001d6bc21197a59"
                        },
                        "meta": {
                            "e2bfb730-ecaa-11e6-8f88-34363bc7c4c0": {
                                "create": 600000000000,
                                "delete": 1200000000000,
                                "update": 600000000000
                            },
                            "schema_version": "1"
                        },
                        "tainted": false
                    },
                    "deposed": [],
                    "provider": "provider.aws"
                },
                "aws_internet_gateway.task4_IG": {
                    "type": "aws_internet_gateway",
                    "depends_on": [
                        "aws_vpc.task4_vpc"
                    ],
                    "primary": {
                        "id": "igw-09ac3731009729a54",
                        "attributes": {
                            "id": "igw-09ac3731009729a54",
                            "owner_id": "514430043235",
                            "tags.%": "4",
                            "tags.Created_by": "sevil",
                            "tags.Department": "IT",
                            "tags.Environment": "Dev",
                            "tags.Team": "infrastructure",
                            "vpc_id": "vpc-06ba60c78fceae4f8"
                        },
                        "meta": {},
                        "tainted": false
                    },
                    "deposed": [],
                    "provider": "provider.aws"
                },
                "aws_key_pair.bastion_key": {
                    "type": "aws_key_pair",
                    "depends_on": [],
                    "primary": {
                        "id": "task4_Bastion_key",
                        "attributes": {
                            "fingerprint": "08:b7:b1:51:1d:11:4f:e0:aa:5d:cc:fd:67:68:c0:7a",
                            "id": "task4_Bastion_key",
                            "key_name": "task4_Bastion_key",
                            "key_pair_id": "key-00fda7003ff96b8fa",
                            "public_key": "ssh-rsa AAAAB3NzaC1yc2EAAAADAQABAAABAQCp4dTkryIUm++2V+7dmPJCBJaOmVJtuZ0+OkW5HxMmlWqZhfva/ogkvL1jrn67Y/6wCQX47GGYliIYsOyeNpvcTrnow8ruZ3P5dFUgeHjH2LBWdlZw4EVlXUtPGSDtPd6ZxNfZnW8Oim+CUS8tOWS5DkOpZCE0tfWfhui+/gtrrRC2WPxeVm3Wk3DLhmqglJi7VvwJ0C4O1FeIbuMDa43+JJxojUC0Ck55SuPdF6J6hF65ivTxhYuZJTgxGgUkK8BBD6oFsmxaXmHl4XFfcrZF+vVC4ctiDhZivYGiPDjpzrlpWhTit7Q/Ry8bSgQ71DDmnpAnCWa/JiSEDo36OCAB ec2-user@ip-172-31-5-215.us-west-1.compute.internal",
                            "tags.%": "0"
                        },
                        "meta": {
                            "schema_version": "1"
                        },
                        "tainted": false
                    },
                    "deposed": [],
                    "provider": "provider.aws"
                },
                "aws_key_pair.us-east-2-key_task4": {
                    "type": "aws_key_pair",
                    "depends_on": [],
                    "primary": {
                        "id": "task4_key",
                        "attributes": {
                            "fingerprint": "08:b7:b1:51:1d:11:4f:e0:aa:5d:cc:fd:67:68:c0:7a",
                            "id": "task4_key",
                            "key_name": "task4_key",
                            "key_pair_id": "key-0f1e84ae76ab5293e",
                            "public_key": "ssh-rsa AAAAB3NzaC1yc2EAAAADAQABAAABAQCp4dTkryIUm++2V+7dmPJCBJaOmVJtuZ0+OkW5HxMmlWqZhfva/ogkvL1jrn67Y/6wCQX47GGYliIYsOyeNpvcTrnow8ruZ3P5dFUgeHjH2LBWdlZw4EVlXUtPGSDtPd6ZxNfZnW8Oim+CUS8tOWS5DkOpZCE0tfWfhui+/gtrrRC2WPxeVm3Wk3DLhmqglJi7VvwJ0C4O1FeIbuMDa43+JJxojUC0Ck55SuPdF6J6hF65ivTxhYuZJTgxGgUkK8BBD6oFsmxaXmHl4XFfcrZF+vVC4ctiDhZivYGiPDjpzrlpWhTit7Q/Ry8bSgQ71DDmnpAnCWa/JiSEDo36OCAB ec2-user@ip-172-31-5-215.us-west-1.compute.internal",
                            "tags.%": "4",
                            "tags.Created_by": "sevil",
                            "tags.Department": "IT",
                            "tags.Environment": "Dev",
                            "tags.Team": "infrastructure"
                        },
                        "meta": {
                            "schema_version": "1"
                        },
                        "tainted": false
                    },
                    "deposed": [],
                    "provider": "provider.aws"
                },
                "aws_nat_gateway.task3_ng": {
                    "type": "aws_nat_gateway",
                    "depends_on": [
                        "aws_eip.allocation_ip",
                        "aws_subnet.task4_private1"
                    ],
                    "primary": {
                        "id": "nat-0ac29c7b4c9c8b438",
                        "attributes": {
                            "allocation_id": "eipalloc-0d63c1c54e3e7dd27",
                            "id": "nat-0ac29c7b4c9c8b438",
                            "network_interface_id": "eni-055e04f6de16c83bc",
                            "private_ip": "192.168.11.235",
                            "public_ip": "18.190.10.45",
                            "subnet_id": "subnet-01e0238f77576facf",
                            "tags.%": "4",
                            "tags.Created_by": "sevil",
                            "tags.Department": "IT",
                            "tags.Environment": "Dev",
                            "tags.Team": "infrastructure"
                        },
                        "meta": {},
                        "tainted": false
                    },
                    "deposed": [],
                    "provider": "provider.aws"
                },
                "aws_route_table.route_table2": {
                    "type": "aws_route_table",
                    "depends_on": [
                        "aws_internet_gateway.task4_IG",
                        "aws_vpc.task4_vpc"
                    ],
                    "primary": {
                        "id": "rtb-0a2938868462aed01",
                        "attributes": {
                            "id": "rtb-0a2938868462aed01",
                            "owner_id": "514430043235",
                            "propagating_vgws.#": "0",
                            "route.#": "1",
                            "route.1191188594.cidr_block": "0.0.0.0/0",
                            "route.1191188594.egress_only_gateway_id": "",
                            "route.1191188594.gateway_id": "igw-09ac3731009729a54",
                            "route.1191188594.instance_id": "",
                            "route.1191188594.ipv6_cidr_block": "",
                            "route.1191188594.nat_gateway_id": "",
                            "route.1191188594.network_interface_id": "",
                            "route.1191188594.transit_gateway_id": "",
                            "route.1191188594.vpc_peering_connection_id": "",
                            "tags.%": "4",
                            "tags.Created_by": "sevil",
                            "tags.Department": "IT",
                            "tags.Environment": "Dev",
                            "tags.Team": "infrastructure",
                            "vpc_id": "vpc-06ba60c78fceae4f8"
                        },
                        "meta": {},
                        "tainted": false
                    },
                    "deposed": [],
                    "provider": "provider.aws"
                },
                "aws_route_table.route_table_private__new": {
                    "type": "aws_route_table",
                    "depends_on": [
                        "aws_internet_gateway.task4_IG",
                        "aws_vpc.task4_vpc"
                    ],
                    "primary": {
                        "id": "rtb-0b938d09ff42e8c6c",
                        "attributes": {
                            "id": "rtb-0b938d09ff42e8c6c",
                            "owner_id": "514430043235",
                            "propagating_vgws.#": "0",
                            "route.#": "1",
                            "route.1191188594.cidr_block": "0.0.0.0/0",
                            "route.1191188594.egress_only_gateway_id": "",
                            "route.1191188594.gateway_id": "igw-09ac3731009729a54",
                            "route.1191188594.instance_id": "",
                            "route.1191188594.ipv6_cidr_block": "",
                            "route.1191188594.nat_gateway_id": "",
                            "route.1191188594.network_interface_id": "",
                            "route.1191188594.transit_gateway_id": "",
                            "route.1191188594.vpc_peering_connection_id": "",
                            "tags.%": "4",
                            "tags.Created_by": "sevil",
                            "tags.Department": "IT",
                            "tags.Environment": "Dev",
                            "tags.Team": "infrastructure",
                            "vpc_id": "vpc-06ba60c78fceae4f8"
                        },
                        "meta": {},
                        "tainted": false
                    },
                    "deposed": [],
                    "provider": "provider.aws"
                },
                "aws_route_table_association.c1": {
                    "type": "aws_route_table_association",
                    "depends_on": [
                        "aws_route_table.route_table2",
                        "aws_subnet.task4_public1"
                    ],
                    "primary": {
                        "id": "rtbassoc-081a56235256574bd",
                        "attributes": {
                            "id": "rtbassoc-081a56235256574bd",
                            "route_table_id": "rtb-0a2938868462aed01",
                            "subnet_id": "subnet-0c7028338b3de6061"
                        },
                        "meta": {},
                        "tainted": false
                    },
                    "deposed": [],
                    "provider": "provider.aws"
                },
                "aws_route_table_association.c2": {
                    "type": "aws_route_table_association",
                    "depends_on": [
                        "aws_route_table.route_table2",
                        "aws_subnet.task4_public2"
                    ],
                    "primary": {
                        "id": "rtbassoc-0f9d76bb5a54e242c",
                        "attributes": {
                            "id": "rtbassoc-0f9d76bb5a54e242c",
                            "route_table_id": "rtb-0a2938868462aed01",
                            "subnet_id": "subnet-0780a8a86816a3131"
                        },
                        "meta": {},
                        "tainted": false
                    },
                    "deposed": [],
                    "provider": "provider.aws"
                },
                "aws_route_table_association.c3": {
                    "type": "aws_route_table_association",
                    "depends_on": [
                        "aws_route_table.route_table2",
                        "aws_subnet.task4_public3"
                    ],
                    "primary": {
                        "id": "rtbassoc-0ea4cba8c886d3dd5",
                        "attributes": {
                            "id": "rtbassoc-0ea4cba8c886d3dd5",
                            "route_table_id": "rtb-0a2938868462aed01",
                            "subnet_id": "subnet-0bb6281815071c4de"
                        },
                        "meta": {},
                        "tainted": false
                    },
                    "deposed": [],
                    "provider": "provider.aws"
                },
                "aws_route_table_association.prv_11": {
                    "type": "aws_route_table_association",
                    "depends_on": [
                        "aws_route_table.route_table_private__new",
                        "aws_subnet.task4_private1"
                    ],
                    "primary": {
                        "id": "rtbassoc-0555aa01aed7096cc",
                        "attributes": {
                            "id": "rtbassoc-0555aa01aed7096cc",
                            "route_table_id": "rtb-0b938d09ff42e8c6c",
                            "subnet_id": "subnet-01e0238f77576facf"
                        },
                        "meta": {},
                        "tainted": false
                    },
                    "deposed": [],
                    "provider": "provider.aws"
                },
                "aws_route_table_association.prv_22": {
                    "type": "aws_route_table_association",
                    "depends_on": [
                        "aws_route_table.route_table_private__new",
                        "aws_subnet.task4_private2"
                    ],
                    "primary": {
                        "id": "rtbassoc-0a71a39284aaef9eb",
                        "attributes": {
                            "id": "rtbassoc-0a71a39284aaef9eb",
                            "route_table_id": "rtb-0b938d09ff42e8c6c",
                            "subnet_id": "subnet-07ade74146a70729c"
                        },
                        "meta": {},
                        "tainted": false
                    },
                    "deposed": [],
                    "provider": "provider.aws"
                },
                "aws_route_table_association.prv_33": {
                    "type": "aws_route_table_association",
                    "depends_on": [
                        "aws_route_table.route_table_private__new",
                        "aws_subnet.task4_private3"
                    ],
                    "primary": {
                        "id": "rtbassoc-04c56e73ac843e6f9",
                        "attributes": {
                            "id": "rtbassoc-04c56e73ac843e6f9",
                            "route_table_id": "rtb-0b938d09ff42e8c6c",
                            "subnet_id": "subnet-0021d7165bf4f14db"
                        },
                        "meta": {},
                        "tainted": false
                    },
                    "deposed": [],
                    "provider": "provider.aws"
                },
                "aws_security_group.allow_tls_TASK4": {
                    "type": "aws_security_group",
                    "depends_on": [
                        "aws_vpc.task4_vpc"
                    ],
                    "primary": {
                        "id": "sg-0ccf17e1a1bd8289f",
                        "attributes": {
                            "arn": "arn:aws:ec2:us-east-2:514430043235:security-group/sg-0ccf17e1a1bd8289f",
                            "description": "Allow TLS inbound traffic",
                            "egress.#": "1",
                            "egress.482069346.cidr_blocks.#": "1",
                            "egress.482069346.cidr_blocks.0": "0.0.0.0/0",
                            "egress.482069346.description": "",
                            "egress.482069346.from_port": "0",
                            "egress.482069346.ipv6_cidr_blocks.#": "0",
                            "egress.482069346.prefix_list_ids.#": "0",
                            "egress.482069346.protocol": "-1",
                            "egress.482069346.security_groups.#": "0",
                            "egress.482069346.self": "false",
                            "egress.482069346.to_port": "0",
                            "id": "sg-0ccf17e1a1bd8289f",
                            "ingress.#": "1",
                            "ingress.22768159.cidr_blocks.#": "1",
                            "ingress.22768159.cidr_blocks.0": "0.0.0.0/0",
                            "ingress.22768159.description": "TLS from VPC",
                            "ingress.22768159.from_port": "22",
                            "ingress.22768159.ipv6_cidr_blocks.#": "0",
                            "ingress.22768159.prefix_list_ids.#": "0",
                            "ingress.22768159.protocol": "tcp",
                            "ingress.22768159.security_groups.#": "0",
                            "ingress.22768159.self": "false",
                            "ingress.22768159.to_port": "22",
                            "name": "allow_tls2",
                            "owner_id": "514430043235",
                            "revoke_rules_on_delete": "false",
                            "tags.%": "4",
                            "tags.Created_by": "sevil",
                            "tags.Department": "IT",
                            "tags.Environment": "Dev",
                            "tags.Team": "infrastructure",
                            "vpc_id": "vpc-06ba60c78fceae4f8"
                        },
                        "meta": {
                            "e2bfb730-ecaa-11e6-8f88-34363bc7c4c0": {
                                "create": 600000000000,
                                "delete": 600000000000
                            },
                            "schema_version": "1"
                        },
                        "tainted": false
                    },
                    "deposed": [],
                    "provider": "provider.aws"
                },
                "aws_security_group.allow_tls_TASK4_db": {
                    "type": "aws_security_group",
                    "depends_on": [
                        "aws_vpc.task4_vpc"
                    ],
                    "primary": {
                        "id": "sg-0cb22a6ac62e83a2d",
                        "attributes": {
                            "arn": "arn:aws:ec2:us-east-2:514430043235:security-group/sg-0cb22a6ac62e83a2d",
                            "description": "Allow TLS inbound traffic",
                            "egress.#": "1",
                            "egress.482069346.cidr_blocks.#": "1",
                            "egress.482069346.cidr_blocks.0": "0.0.0.0/0",
                            "egress.482069346.description": "",
                            "egress.482069346.from_port": "0",
                            "egress.482069346.ipv6_cidr_blocks.#": "0",
                            "egress.482069346.prefix_list_ids.#": "0",
                            "egress.482069346.protocol": "-1",
                            "egress.482069346.security_groups.#": "0",
                            "egress.482069346.self": "false",
                            "egress.482069346.to_port": "0",
                            "id": "sg-0cb22a6ac62e83a2d",
                            "ingress.#": "2",
                            "ingress.22768159.cidr_blocks.#": "1",
                            "ingress.22768159.cidr_blocks.0": "0.0.0.0/0",
                            "ingress.22768159.description": "TLS from VPC",
                            "ingress.22768159.from_port": "22",
                            "ingress.22768159.ipv6_cidr_blocks.#": "0",
                            "ingress.22768159.prefix_list_ids.#": "0",
                            "ingress.22768159.protocol": "tcp",
                            "ingress.22768159.security_groups.#": "0",
                            "ingress.22768159.self": "false",
                            "ingress.22768159.to_port": "22",
                            "ingress.40173321.cidr_blocks.#": "1",
                            "ingress.40173321.cidr_blocks.0": "0.0.0.0/0",
                            "ingress.40173321.description": "TLS from VPC",
                            "ingress.40173321.from_port": "3306",
                            "ingress.40173321.ipv6_cidr_blocks.#": "0",
                            "ingress.40173321.prefix_list_ids.#": "0",
                            "ingress.40173321.protocol": "tcp",
                            "ingress.40173321.security_groups.#": "0",
                            "ingress.40173321.self": "false",
                            "ingress.40173321.to_port": "3306",
                            "name": "allow_tls2_db",
                            "owner_id": "514430043235",
                            "revoke_rules_on_delete": "false",
                            "tags.%": "4",
                            "tags.Created_by": "sevil",
                            "tags.Department": "IT",
                            "tags.Environment": "Dev",
                            "tags.Team": "infrastructure",
                            "vpc_id": "vpc-06ba60c78fceae4f8"
                        },
                        "meta": {
                            "e2bfb730-ecaa-11e6-8f88-34363bc7c4c0": {
                                "create": 600000000000,
                                "delete": 600000000000
                            },
                            "schema_version": "1"
                        },
                        "tainted": false
                    },
                    "deposed": [],
                    "provider": "provider.aws"
                },
                "aws_security_group.allow_tls_TASK4_web": {
                    "type": "aws_security_group",
                    "depends_on": [
                        "aws_vpc.task4_vpc"
                    ],
                    "primary": {
                        "id": "sg-0a001d6bc21197a59",
                        "attributes": {
                            "arn": "arn:aws:ec2:us-east-2:514430043235:security-group/sg-0a001d6bc21197a59",
                            "description": "Allow TLS inbound traffic",
                            "egress.#": "1",
                            "egress.482069346.cidr_blocks.#": "1",
                            "egress.482069346.cidr_blocks.0": "0.0.0.0/0",
                            "egress.482069346.description": "",
                            "egress.482069346.from_port": "0",
                            "egress.482069346.ipv6_cidr_blocks.#": "0",
                            "egress.482069346.prefix_list_ids.#": "0",
                            "egress.482069346.protocol": "-1",
                            "egress.482069346.security_groups.#": "0",
                            "egress.482069346.self": "false",
                            "egress.482069346.to_port": "0",
                            "id": "sg-0a001d6bc21197a59",
                            "ingress.#": "3",
                            "ingress.1650761905.cidr_blocks.#": "1",
                            "ingress.1650761905.cidr_blocks.0": "0.0.0.0/0",
                            "ingress.1650761905.description": "TLS from VPC",
                            "ingress.1650761905.from_port": "443",
                            "ingress.1650761905.ipv6_cidr_blocks.#": "0",
                            "ingress.1650761905.prefix_list_ids.#": "0",
                            "ingress.1650761905.protocol": "tcp",
                            "ingress.1650761905.security_groups.#": "0",
                            "ingress.1650761905.self": "false",
                            "ingress.1650761905.to_port": "443",
                            "ingress.2156912855.cidr_blocks.#": "1",
                            "ingress.2156912855.cidr_blocks.0": "0.0.0.0/0",
                            "ingress.2156912855.description": "TLS from VPC",
                            "ingress.2156912855.from_port": "80",
                            "ingress.2156912855.ipv6_cidr_blocks.#": "0",
                            "ingress.2156912855.prefix_list_ids.#": "0",
                            "ingress.2156912855.protocol": "tcp",
                            "ingress.2156912855.security_groups.#": "0",
                            "ingress.2156912855.self": "false",
                            "ingress.2156912855.to_port": "80",
                            "ingress.22768159.cidr_blocks.#": "1",
                            "ingress.22768159.cidr_blocks.0": "0.0.0.0/0",
                            "ingress.22768159.description": "TLS from VPC",
                            "ingress.22768159.from_port": "22",
                            "ingress.22768159.ipv6_cidr_blocks.#": "0",
                            "ingress.22768159.prefix_list_ids.#": "0",
                            "ingress.22768159.protocol": "tcp",
                            "ingress.22768159.security_groups.#": "0",
                            "ingress.22768159.self": "false",
                            "ingress.22768159.to_port": "22",
                            "name": "allow_tls2_web",
                            "owner_id": "514430043235",
                            "revoke_rules_on_delete": "false",
                            "tags.%": "4",
                            "tags.Created_by": "sevil",
                            "tags.Department": "IT",
                            "tags.Environment": "Dev",
                            "tags.Team": "infrastructure",
                            "vpc_id": "vpc-06ba60c78fceae4f8"
                        },
                        "meta": {
                            "e2bfb730-ecaa-11e6-8f88-34363bc7c4c0": {
                                "create": 600000000000,
                                "delete": 600000000000
                            },
                            "schema_version": "1"
                        },
                        "tainted": false
                    },
                    "deposed": [],
                    "provider": "provider.aws"
                },
                "aws_subnet.task4_private1": {
                    "type": "aws_subnet",
                    "depends_on": [
                        "aws_vpc.task4_vpc"
                    ],
                    "primary": {
                        "id": "subnet-01e0238f77576facf",
                        "attributes": {
                            "arn": "arn:aws:ec2:us-east-2:514430043235:subnet/subnet-01e0238f77576facf",
                            "assign_ipv6_address_on_creation": "false",
                            "availability_zone": "us-east-2a",
                            "availability_zone_id": "use2-az1",
                            "cidr_block": "192.168.11.0/24",
                            "id": "subnet-01e0238f77576facf",
                            "ipv6_cidr_block": "",
                            "ipv6_cidr_block_association_id": "",
                            "map_public_ip_on_launch": "false",
                            "owner_id": "514430043235",
                            "tags.%": "4",
                            "tags.Created_by": "sevil",
                            "tags.Department": "IT",
                            "tags.Environment": "Dev",
                            "tags.Team": "infrastructure",
                            "vpc_id": "vpc-06ba60c78fceae4f8"
                        },
                        "meta": {
                            "e2bfb730-ecaa-11e6-8f88-34363bc7c4c0": {
                                "create": 600000000000,
                                "delete": 1200000000000
                            },
                            "schema_version": "1"
                        },
                        "tainted": false
                    },
                    "deposed": [],
                    "provider": "provider.aws"
                },
                "aws_subnet.task4_private2": {
                    "type": "aws_subnet",
                    "depends_on": [
                        "aws_vpc.task4_vpc"
                    ],
                    "primary": {
                        "id": "subnet-07ade74146a70729c",
                        "attributes": {
                            "arn": "arn:aws:ec2:us-east-2:514430043235:subnet/subnet-07ade74146a70729c",
                            "assign_ipv6_address_on_creation": "false",
                            "availability_zone": "us-east-2b",
                            "availability_zone_id": "use2-az2",
                            "cidr_block": "192.168.12.0/24",
                            "id": "subnet-07ade74146a70729c",
                            "ipv6_cidr_block": "",
                            "ipv6_cidr_block_association_id": "",
                            "map_public_ip_on_launch": "false",
                            "owner_id": "514430043235",
                            "tags.%": "4",
                            "tags.Created_by": "sevil",
                            "tags.Department": "IT",
                            "tags.Environment": "Dev",
                            "tags.Team": "infrastructure",
                            "vpc_id": "vpc-06ba60c78fceae4f8"
                        },
                        "meta": {
                            "e2bfb730-ecaa-11e6-8f88-34363bc7c4c0": {
                                "create": 600000000000,
                                "delete": 1200000000000
                            },
                            "schema_version": "1"
                        },
                        "tainted": false
                    },
                    "deposed": [],
                    "provider": "provider.aws"
                },
                "aws_subnet.task4_private3": {
                    "type": "aws_subnet",
                    "depends_on": [
                        "aws_vpc.task4_vpc"
                    ],
                    "primary": {
                        "id": "subnet-0021d7165bf4f14db",
                        "attributes": {
                            "arn": "arn:aws:ec2:us-east-2:514430043235:subnet/subnet-0021d7165bf4f14db",
                            "assign_ipv6_address_on_creation": "false",
                            "availability_zone": "us-east-2c",
                            "availability_zone_id": "use2-az3",
                            "cidr_block": "192.168.13.0/24",
                            "id": "subnet-0021d7165bf4f14db",
                            "ipv6_cidr_block": "",
                            "ipv6_cidr_block_association_id": "",
                            "map_public_ip_on_launch": "false",
                            "owner_id": "514430043235",
                            "tags.%": "4",
                            "tags.Created_by": "sevil",
                            "tags.Department": "IT",
                            "tags.Environment": "Dev",
                            "tags.Team": "infrastructure",
                            "vpc_id": "vpc-06ba60c78fceae4f8"
                        },
                        "meta": {
                            "e2bfb730-ecaa-11e6-8f88-34363bc7c4c0": {
                                "create": 600000000000,
                                "delete": 1200000000000
                            },
                            "schema_version": "1"
                        },
                        "tainted": false
                    },
                    "deposed": [],
                    "provider": "provider.aws"
                },
                "aws_subnet.task4_public1": {
                    "type": "aws_subnet",
                    "depends_on": [
                        "aws_vpc.task4_vpc"
                    ],
                    "primary": {
                        "id": "subnet-0c7028338b3de6061",
                        "attributes": {
                            "arn": "arn:aws:ec2:us-east-2:514430043235:subnet/subnet-0c7028338b3de6061",
                            "assign_ipv6_address_on_creation": "false",
                            "availability_zone": "us-east-2a",
                            "availability_zone_id": "use2-az1",
                            "cidr_block": "192.168.1.0/24",
                            "id": "subnet-0c7028338b3de6061",
                            "ipv6_cidr_block": "",
                            "ipv6_cidr_block_association_id": "",
                            "map_public_ip_on_launch": "true",
                            "owner_id": "514430043235",
                            "tags.%": "4",
                            "tags.Created_by": "sevil",
                            "tags.Department": "IT",
                            "tags.Environment": "Dev",
                            "tags.Team": "infrastructure",
                            "vpc_id": "vpc-06ba60c78fceae4f8"
                        },
                        "meta": {
                            "e2bfb730-ecaa-11e6-8f88-34363bc7c4c0": {
                                "create": 600000000000,
                                "delete": 1200000000000
                            },
                            "schema_version": "1"
                        },
                        "tainted": false
                    },
                    "deposed": [],
                    "provider": "provider.aws"
                },
                "aws_subnet.task4_public2": {
                    "type": "aws_subnet",
                    "depends_on": [
                        "aws_vpc.task4_vpc"
                    ],
                    "primary": {
                        "id": "subnet-0780a8a86816a3131",
                        "attributes": {
                            "arn": "arn:aws:ec2:us-east-2:514430043235:subnet/subnet-0780a8a86816a3131",
                            "assign_ipv6_address_on_creation": "false",
                            "availability_zone": "us-east-2b",
                            "availability_zone_id": "use2-az2",
                            "cidr_block": "192.168.2.0/24",
                            "id": "subnet-0780a8a86816a3131",
                            "ipv6_cidr_block": "",
                            "ipv6_cidr_block_association_id": "",
                            "map_public_ip_on_launch": "true",
                            "owner_id": "514430043235",
                            "tags.%": "4",
                            "tags.Created_by": "sevil",
                            "tags.Department": "IT",
                            "tags.Environment": "Dev",
                            "tags.Team": "infrastructure",
                            "vpc_id": "vpc-06ba60c78fceae4f8"
                        },
                        "meta": {
                            "e2bfb730-ecaa-11e6-8f88-34363bc7c4c0": {
                                "create": 600000000000,
                                "delete": 1200000000000
                            },
                            "schema_version": "1"
                        },
                        "tainted": false
                    },
                    "deposed": [],
                    "provider": "provider.aws"
                },
                "aws_subnet.task4_public3": {
                    "type": "aws_subnet",
                    "depends_on": [
                        "aws_vpc.task4_vpc"
                    ],
                    "primary": {
                        "id": "subnet-0bb6281815071c4de",
                        "attributes": {
                            "arn": "arn:aws:ec2:us-east-2:514430043235:subnet/subnet-0bb6281815071c4de",
                            "assign_ipv6_address_on_creation": "false",
                            "availability_zone": "us-east-2c",
                            "availability_zone_id": "use2-az3",
                            "cidr_block": "192.168.3.0/24",
                            "id": "subnet-0bb6281815071c4de",
                            "ipv6_cidr_block": "",
                            "ipv6_cidr_block_association_id": "",
                            "map_public_ip_on_launch": "true",
                            "owner_id": "514430043235",
                            "tags.%": "4",
                            "tags.Created_by": "sevil",
                            "tags.Department": "IT",
                            "tags.Environment": "Dev",
                            "tags.Team": "infrastructure",
                            "vpc_id": "vpc-06ba60c78fceae4f8"
                        },
                        "meta": {
                            "e2bfb730-ecaa-11e6-8f88-34363bc7c4c0": {
                                "create": 600000000000,
                                "delete": 1200000000000
                            },
                            "schema_version": "1"
                        },
                        "tainted": false
                    },
                    "deposed": [],
                    "provider": "provider.aws"
                },
                "aws_vpc.peer": {
                    "type": "aws_vpc",
                    "depends_on": [],
                    "primary": {
                        "id": "vpc-0f18a5ab93d3296d1",
                        "attributes": {
                            "arn": "arn:aws:ec2:us-east-2:514430043235:vpc/vpc-0f18a5ab93d3296d1",
                            "assign_generated_ipv6_cidr_block": "false",
                            "cidr_block": "192.168.0.0/16",
                            "default_network_acl_id": "acl-0a40d8f1a9a063308",
                            "default_route_table_id": "rtb-074f60f341aa0ff4a",
                            "default_security_group_id": "sg-0e38b06bcf5af1d8f",
                            "dhcp_options_id": "dopt-e614b88d",
                            "enable_dns_hostnames": "false",
                            "enable_dns_support": "true",
                            "id": "vpc-0f18a5ab93d3296d1",
                            "instance_tenancy": "default",
                            "ipv6_association_id": "",
                            "ipv6_cidr_block": "",
                            "main_route_table_id": "rtb-074f60f341aa0ff4a",
                            "owner_id": "514430043235",
                            "tags.%": "0"
                        },
                        "meta": {
                            "schema_version": "1"
                        },
                        "tainted": false
                    },
                    "deposed": [],
                    "provider": "provider.aws.peer"
                },
                "aws_vpc.task4_vpc": {
                    "type": "aws_vpc",
                    "depends_on": [],
                    "primary": {
                        "id": "vpc-06ba60c78fceae4f8",
                        "attributes": {
                            "arn": "arn:aws:ec2:us-east-2:514430043235:vpc/vpc-06ba60c78fceae4f8",
                            "assign_generated_ipv6_cidr_block": "false",
                            "cidr_block": "192.168.0.0/16",
                            "default_network_acl_id": "acl-084c5b8f0cb1368e6",
                            "default_route_table_id": "rtb-0e7a3a996552748de",
                            "default_security_group_id": "sg-0c4209bbe1aaf17f6",
                            "dhcp_options_id": "dopt-e614b88d",
                            "enable_dns_hostnames": "false",
                            "enable_dns_support": "true",
                            "id": "vpc-06ba60c78fceae4f8",
                            "instance_tenancy": "default",
                            "ipv6_association_id": "",
                            "ipv6_cidr_block": "",
                            "main_route_table_id": "rtb-0e7a3a996552748de",
                            "owner_id": "514430043235",
                            "tags.%": "4",
                            "tags.Created_by": "sevil",
                            "tags.Department": "IT",
                            "tags.Environment": "Dev",
                            "tags.Team": "infrastructure"
                        },
                        "meta": {
                            "schema_version": "1"
                        },
                        "tainted": false
                    },
                    "deposed": [],
                    "provider": "provider.aws"
                },
                "aws_vpc_peering_connection.peer": {
                    "type": "aws_vpc_peering_connection",
                    "depends_on": [
                        "aws_vpc.task4_vpc"
                    ],
                    "primary": {
                        "id": "pcx-0ae679b9467fc1f65",
                        "attributes": {
                            "accept_status": "pending-acceptance",
                            "accepter.#": "0",
                            "auto_accept": "false",
                            "id": "pcx-0ae679b9467fc1f65",
                            "peer_owner_id": "972228761283",
                            "peer_region": "us-east-1",
                            "peer_vpc_id": "vpc-0c0a1675924616418",
                            "requester.#": "1",
                            "requester.3244290774.allow_classic_link_to_remote_vpc": "false",
                            "requester.3244290774.allow_remote_vpc_dns_resolution": "false",
                            "requester.3244290774.allow_vpc_to_remote_classic_link": "false",
                            "tags.%": "1",
                            "tags.Side": "Requester",
                            "vpc_id": "vpc-06ba60c78fceae4f8"
                        },
                        "meta": {
                            "e2bfb730-ecaa-11e6-8f88-34363bc7c4c0": {
                                "create": 60000000000,
                                "delete": 60000000000,
                                "update": 60000000000
                            }
                        },
                        "tainted": false
                    },
                    "deposed": [],
                    "provider": "provider.aws"
                },
                "data.aws_caller_identity.peer": {
                    "type": "aws_caller_identity",
                    "depends_on": [],
                    "primary": {
                        "id": "2020-05-03 23:36:27.228599281 +0000 UTC",
                        "attributes": {
                            "account_id": "514430043235",
                            "arn": "arn:aws:sts::514430043235:assumed-role/Terraform/i-05b2a745f61ae0430",
                            "id": "2020-05-03 23:36:27.228599281 +0000 UTC",
                            "user_id": "AROAXPRTLQRR7PTCUAFN3:i-05b2a745f61ae0430"
                        },
                        "meta": {},
                        "tainted": false
                    },
                    "deposed": [],
                    "provider": "provider.aws.peer"
                }
            },
            "depends_on": []
        }
    ]
}
