{
    "version": 3,
    "terraform_version": "0.11.14",
    "serial": 32,
    "lineage": "d611ddc7-4a69-531d-3d93-941d8cff516c",
    "modules": [
        {
            "path": [
                "root"
            ],
            "outputs": {},
            "resources": {
                "aws_eip.allocation_ip": {
                    "type": "aws_eip",
                    "depends_on": [],
                    "primary": {
                        "id": "eipalloc-0cc5189e973e2eb73",
                        "attributes": {
                            "association_id": "eipassoc-0641b3bd5e8744df4",
                            "domain": "vpc",
                            "id": "eipalloc-0cc5189e973e2eb73",
                            "instance": "",
                            "network_interface": "eni-0bdead51217d7836d",
                            "private_dns": "ip-192-168-11-196.us-east-2.compute.internal",
                            "private_ip": "192.168.11.196",
                            "public_dns": "ec2-3-23-38-184.us-east-2.compute.amazonaws.com",
                            "public_ip": "3.23.38.184",
                            "public_ipv4_pool": "amazon",
                            "tags.%": "4",
                            "tags.Created_by": "sevil",
                            "tags.Department": "IT",
                            "tags.Environment": "Dev",
                            "tags.Team": "infrastructure",
                            "vpc": "true"
                        },
                        "meta": {
                            "e2bfb730-ecaa-11e6-8f88-34363bc7c4c0": {
                                "delete": 180000000000,
                                "read": 900000000000,
                                "update": 300000000000
                            }
                        },
                        "tainted": false
                    },
                    "deposed": [],
                    "provider": "provider.aws"
                }
            },
            "depends_on": []
        }
    ]
}
