{
    "version": 3,
    "terraform_version": "0.11.14",
    "serial": 25,
    "lineage": "2bc910fa-4fe4-2c8f-4942-bacffed6a2ee",
    "modules": [
        {
            "path": [
                "root"
            ],
            "outputs": {
                "allocation_ip ": {
                    "sensitive": false,
                    "type": "string",
                    "value": "eipalloc-0a6b73070e7f5bd73"
                },
                "aws_IG_route_table_id ": {
                    "sensitive": false,
                    "type": "string",
                    "value": "rtb-019f1f591c6a5d04c"
                },
                "aws_internet_gateway_id ": {
                    "sensitive": false,
                    "type": "string",
                    "value": "igw-035724b07a49c492b"
                },
                "aws_route_table_association1_id ": {
                    "sensitive": false,
                    "type": "string",
                    "value": "rtbassoc-0e10ae47ba7ebff53"
                },
                "aws_route_table_association2_id ": {
                    "sensitive": false,
                    "type": "string",
                    "value": "rtbassoc-0fad8736242b10ac1"
                },
                "aws_route_table_association3_id ": {
                    "sensitive": false,
                    "type": "string",
                    "value": "rtbassoc-0f4b35bbd4f931ed4"
                },
                "aws_route_table_association_private1_id ": {
                    "sensitive": false,
                    "type": "string",
                    "value": "rtbassoc-03676362fd2efb86e"
                },
                "aws_route_table_association_private2_id ": {
                    "sensitive": false,
                    "type": "string",
                    "value": "rtbassoc-078be99fd9e4142e1"
                },
                "aws_route_table_association_private3_id ": {
                    "sensitive": false,
                    "type": "string",
                    "value": "rtbassoc-0d4f0fd40057de769"
                },
                "aws_route_table_private_id ": {
                    "sensitive": false,
                    "type": "string",
                    "value": "rtb-07d9f60c0cf2539e3"
                },
                "instane_id": {
                    "sensitive": false,
                    "type": "string",
                    "value": "i-0fa2cd073f81f3a06"
                },
                "instane_key_name": {
                    "sensitive": false,
                    "type": "string",
                    "value": "task3_key"
                },
                "instane_public_dns": {
                    "sensitive": false,
                    "type": "string",
                    "value": "ec2-54-165-247-127.compute-1.amazonaws.com"
                },
                "key_pair": {
                    "sensitive": false,
                    "type": "string",
                    "value": "task3_key"
                },
                "private1_subnet_id ": {
                    "sensitive": false,
                    "type": "string",
                    "value": "subnet-02d029c9f891fde4b"
                },
                "private2_subnet_id ": {
                    "sensitive": false,
                    "type": "string",
                    "value": "subnet-0026e361b12d960b8"
                },
                "private3_subnet_id ": {
                    "sensitive": false,
                    "type": "string",
                    "value": "subnet-035b80a90ad8ae57c"
                },
                "public1_subnet_id ": {
                    "sensitive": false,
                    "type": "string",
                    "value": "subnet-01b8c56b31c11eed0"
                },
                "public2_subnet_id ": {
                    "sensitive": false,
                    "type": "string",
                    "value": "subnet-087a2f40431ee5911"
                },
                "public3_subnet_id ": {
                    "sensitive": false,
                    "type": "string",
                    "value": "subnet-0b9c148ae44965940"
                },
                "sec_group_egress": {
                    "sensitive": false,
                    "type": "list",
                    "value": [
                        {
                            "cidr_blocks": [
                                "0.0.0.0/0"
                            ],
                            "description": "",
                            "from_port": "0",
                            "ipv6_cidr_blocks": [],
                            "prefix_list_ids": [],
                            "protocol": "-1",
                            "security_groups": [],
                            "self": "0",
                            "to_port": "0"
                        }
                    ]
                },
                "sec_group_name": {
                    "sensitive": false,
                    "type": "string",
                    "value": "allow_tls2"
                },
                "sec_group_vpc_id": {
                    "sensitive": false,
                    "type": "string",
                    "value": "vpc-03363a5a50c9cd738"
                },
                "vpc_cidr_block ": {
                    "sensitive": false,
                    "type": "string",
                    "value": "10.0.0.0/16"
                }
            },
            "resources": {
                "aws_eip.allocation_ip": {
                    "type": "aws_eip",
                    "depends_on": [],
                    "primary": {
                        "id": "eipalloc-0a6b73070e7f5bd73",
                        "attributes": {
                            "association_id": "eipassoc-0f6e6e82ae589bb85",
                            "domain": "vpc",
                            "id": "eipalloc-0a6b73070e7f5bd73",
                            "instance": "",
                            "network_interface": "eni-02873c25945352c40",
                            "private_dns": "ip-10-0-101-153.ec2.internal",
                            "private_ip": "10.0.101.153",
                            "public_dns": "ec2-18-232-0-253.compute-1.amazonaws.com",
                            "public_ip": "18.232.0.253",
                            "public_ipv4_pool": "amazon",
                            "tags.%": "0",
                            "vpc": "true"
                        },
                        "meta": {
                            "e2bfb730-ecaa-11e6-8f88-34363bc7c4c0": {
                                "delete": 180000000000,
                                "read": 900000000000,
                                "update": 300000000000
                            }
                        },
                        "tainted": false
                    },
                    "deposed": [],
                    "provider": "provider.aws"
                },
                "aws_instance.task3": {
                    "type": "aws_instance",
                    "depends_on": [
                        "aws_key_pair.us-east-1-key_task2",
                        "aws_security_group.allow_tls"
                    ],
                    "primary": {
                        "id": "i-0fa2cd073f81f3a06",
                        "attributes": {
                            "ami": "ami-0323c3dd2da7fb37d",
                            "arn": "arn:aws:ec2:us-east-1:514430043235:instance/i-0fa2cd073f81f3a06",
                            "associate_public_ip_address": "true",
                            "availability_zone": "us-east-1c",
                            "cpu_core_count": "1",
                            "cpu_threads_per_core": "1",
                            "credit_specification.#": "1",
                            "credit_specification.0.cpu_credits": "standard",
                            "disable_api_termination": "false",
                            "ebs_block_device.#": "0",
                            "ebs_optimized": "false",
                            "ephemeral_block_device.#": "0",
                            "get_password_data": "false",
                            "hibernation": "false",
                            "iam_instance_profile": "",
                            "id": "i-0fa2cd073f81f3a06",
                            "instance_state": "running",
                            "instance_type": "t2.micro",
                            "ipv6_address_count": "0",
                            "ipv6_addresses.#": "0",
                            "key_name": "task3_key",
                            "metadata_options.#": "1",
                            "metadata_options.0.http_endpoint": "enabled",
                            "metadata_options.0.http_put_response_hop_limit": "1",
                            "metadata_options.0.http_tokens": "optional",
                            "monitoring": "false",
                            "network_interface.#": "0",
                            "password_data": "",
                            "placement_group": "",
                            "primary_network_interface_id": "eni-0d6ecc7a7a242c74b",
                            "private_dns": "ip-172-31-89-79.ec2.internal",
                            "private_ip": "172.31.89.79",
                            "public_dns": "ec2-54-165-247-127.compute-1.amazonaws.com",
                            "public_ip": "54.165.247.127",
                            "root_block_device.#": "1",
                            "root_block_device.0.delete_on_termination": "true",
                            "root_block_device.0.device_name": "/dev/xvda",
                            "root_block_device.0.encrypted": "false",
                            "root_block_device.0.iops": "100",
                            "root_block_device.0.kms_key_id": "",
                            "root_block_device.0.volume_id": "vol-013e39c9f876d6bf3",
                            "root_block_device.0.volume_size": "8",
                            "root_block_device.0.volume_type": "gp2",
                            "security_groups.#": "1",
                            "security_groups.1483990825": "allow_tls2",
                            "source_dest_check": "true",
                            "subnet_id": "subnet-0d6fb35062872375b",
                            "tags.%": "4",
                            "tags.Created_by": "sevil",
                            "tags.Department": "IT",
                            "tags.Environment": "Dev",
                            "tags.Team": "infrastructure",
                            "tenancy": "default",
                            "user_data": "6cae55ac1e44999f5bf7d1a8d7974cdecec6bcef",
                            "volume_tags.%": "0",
                            "vpc_security_group_ids.#": "1",
                            "vpc_security_group_ids.1568104925": "sg-095c0655f82a4659f"
                        },
                        "meta": {
                            "e2bfb730-ecaa-11e6-8f88-34363bc7c4c0": {
                                "create": 600000000000,
                                "delete": 1200000000000,
                                "update": 600000000000
                            },
                            "schema_version": "1"
                        },
                        "tainted": false
                    },
                    "deposed": [],
                    "provider": "provider.aws"
                },
                "aws_internet_gateway.task3_IG": {
                    "type": "aws_internet_gateway",
                    "depends_on": [
                        "aws_vpc.main"
                    ],
                    "primary": {
                        "id": "igw-035724b07a49c492b",
                        "attributes": {
                            "id": "igw-035724b07a49c492b",
                            "owner_id": "514430043235",
                            "tags.%": "4",
                            "tags.Created_by": "sevil",
                            "tags.Department": "IT",
                            "tags.Environment": "Dev",
                            "tags.Team": "infrastructure",
                            "vpc_id": "vpc-0585a842ea08c2573"
                        },
                        "meta": {},
                        "tainted": false
                    },
                    "deposed": [],
                    "provider": "provider.aws"
                },
                "aws_key_pair.us-east-1-key_task2": {
                    "type": "aws_key_pair",
                    "depends_on": [],
                    "primary": {
                        "id": "task3_key",
                        "attributes": {
                            "fingerprint": "08:b7:b1:51:1d:11:4f:e0:aa:5d:cc:fd:67:68:c0:7a",
                            "id": "task3_key",
                            "key_name": "task3_key",
                            "key_pair_id": "key-0af3d8583cd76dd8d",
                            "public_key": "ssh-rsa AAAAB3NzaC1yc2EAAAADAQABAAABAQCp4dTkryIUm++2V+7dmPJCBJaOmVJtuZ0+OkW5HxMmlWqZhfva/ogkvL1jrn67Y/6wCQX47GGYliIYsOyeNpvcTrnow8ruZ3P5dFUgeHjH2LBWdlZw4EVlXUtPGSDtPd6ZxNfZnW8Oim+CUS8tOWS5DkOpZCE0tfWfhui+/gtrrRC2WPxeVm3Wk3DLhmqglJi7VvwJ0C4O1FeIbuMDa43+JJxojUC0Ck55SuPdF6J6hF65ivTxhYuZJTgxGgUkK8BBD6oFsmxaXmHl4XFfcrZF+vVC4ctiDhZivYGiPDjpzrlpWhTit7Q/Ry8bSgQ71DDmnpAnCWa/JiSEDo36OCAB ec2-user@ip-172-31-5-215.us-west-1.compute.internal",
                            "tags.%": "4",
                            "tags.Created_by": "sevil",
                            "tags.Department": "IT",
                            "tags.Environment": "Dev",
                            "tags.Team": "infrastructure"
                        },
                        "meta": {
                            "schema_version": "1"
                        },
                        "tainted": false
                    },
                    "deposed": [],
                    "provider": "provider.aws"
                },
                "aws_nat_gateway.task3_ng": {
                    "type": "aws_nat_gateway",
                    "depends_on": [
                        "aws_eip.allocation_ip",
                        "aws_subnet.task3_public1"
                    ],
                    "primary": {
                        "id": "nat-0dac2dc8bb1e1355c",
                        "attributes": {
                            "allocation_id": "eipalloc-0a6b73070e7f5bd73",
                            "id": "nat-0dac2dc8bb1e1355c",
                            "network_interface_id": "eni-02873c25945352c40",
                            "private_ip": "10.0.101.153",
                            "public_ip": "18.232.0.253",
                            "subnet_id": "subnet-01b8c56b31c11eed0",
                            "tags.%": "4",
                            "tags.Created_by": "sevil",
                            "tags.Department": "IT",
                            "tags.Environment": "Dev",
                            "tags.Team": "infrastructure"
                        },
                        "meta": {},
                        "tainted": false
                    },
                    "deposed": [],
                    "provider": "provider.aws"
                },
                "aws_route_table.route_table": {
                    "type": "aws_route_table",
                    "depends_on": [
                        "aws_internet_gateway.task3_IG",
                        "aws_vpc.main"
                    ],
                    "primary": {
                        "id": "rtb-019f1f591c6a5d04c",
                        "attributes": {
                            "id": "rtb-019f1f591c6a5d04c",
                            "owner_id": "514430043235",
                            "propagating_vgws.#": "0",
                            "route.#": "1",
                            "route.3020321980.cidr_block": "0.0.0.0/0",
                            "route.3020321980.egress_only_gateway_id": "",
                            "route.3020321980.gateway_id": "igw-035724b07a49c492b",
                            "route.3020321980.instance_id": "",
                            "route.3020321980.ipv6_cidr_block": "",
                            "route.3020321980.nat_gateway_id": "",
                            "route.3020321980.network_interface_id": "",
                            "route.3020321980.transit_gateway_id": "",
                            "route.3020321980.vpc_peering_connection_id": "",
                            "tags.%": "4",
                            "tags.Created_by": "sevil",
                            "tags.Department": "IT",
                            "tags.Environment": "Dev",
                            "tags.Team": "infrastructure",
                            "vpc_id": "vpc-0585a842ea08c2573"
                        },
                        "meta": {},
                        "tainted": false
                    },
                    "deposed": [],
                    "provider": "provider.aws"
                },
                "aws_route_table.route_table_private": {
                    "type": "aws_route_table",
                    "depends_on": [
                        "aws_internet_gateway.task3_IG",
                        "aws_vpc.main"
                    ],
                    "primary": {
                        "id": "rtb-07d9f60c0cf2539e3",
                        "attributes": {
                            "id": "rtb-07d9f60c0cf2539e3",
                            "owner_id": "514430043235",
                            "propagating_vgws.#": "0",
                            "route.#": "1",
                            "route.3020321980.cidr_block": "0.0.0.0/0",
                            "route.3020321980.egress_only_gateway_id": "",
                            "route.3020321980.gateway_id": "igw-035724b07a49c492b",
                            "route.3020321980.instance_id": "",
                            "route.3020321980.ipv6_cidr_block": "",
                            "route.3020321980.nat_gateway_id": "",
                            "route.3020321980.network_interface_id": "",
                            "route.3020321980.transit_gateway_id": "",
                            "route.3020321980.vpc_peering_connection_id": "",
                            "tags.%": "4",
                            "tags.Created_by": "sevil",
                            "tags.Department": "IT",
                            "tags.Environment": "Dev",
                            "tags.Team": "infrastructure",
                            "vpc_id": "vpc-0585a842ea08c2573"
                        },
                        "meta": {},
                        "tainted": false
                    },
                    "deposed": [],
                    "provider": "provider.aws"
                },
                "aws_route_table_association.b1": {
                    "type": "aws_route_table_association",
                    "depends_on": [
                        "aws_route_table.route_table",
                        "aws_subnet.task3_public1"
                    ],
                    "primary": {
                        "id": "rtbassoc-0e10ae47ba7ebff53",
                        "attributes": {
                            "id": "rtbassoc-0e10ae47ba7ebff53",
                            "route_table_id": "rtb-019f1f591c6a5d04c",
                            "subnet_id": "subnet-01b8c56b31c11eed0"
                        },
                        "meta": {},
                        "tainted": false
                    },
                    "deposed": [],
                    "provider": "provider.aws"
                },
                "aws_route_table_association.b2": {
                    "type": "aws_route_table_association",
                    "depends_on": [
                        "aws_route_table.route_table",
                        "aws_subnet.task3_public2"
                    ],
                    "primary": {
                        "id": "rtbassoc-0fad8736242b10ac1",
                        "attributes": {
                            "id": "rtbassoc-0fad8736242b10ac1",
                            "route_table_id": "rtb-019f1f591c6a5d04c",
                            "subnet_id": "subnet-087a2f40431ee5911"
                        },
                        "meta": {},
                        "tainted": false
                    },
                    "deposed": [],
                    "provider": "provider.aws"
                },
                "aws_route_table_association.b3": {
                    "type": "aws_route_table_association",
                    "depends_on": [
                        "aws_route_table.route_table",
                        "aws_subnet.task3_public3"
                    ],
                    "primary": {
                        "id": "rtbassoc-0f4b35bbd4f931ed4",
                        "attributes": {
                            "id": "rtbassoc-0f4b35bbd4f931ed4",
                            "route_table_id": "rtb-019f1f591c6a5d04c",
                            "subnet_id": "subnet-0b9c148ae44965940"
                        },
                        "meta": {},
                        "tainted": false
                    },
                    "deposed": [],
                    "provider": "provider.aws"
                },
                "aws_route_table_association.prv_1": {
                    "type": "aws_route_table_association",
                    "depends_on": [
                        "aws_route_table.route_table_private",
                        "aws_subnet.task3_private1"
                    ],
                    "primary": {
                        "id": "rtbassoc-03676362fd2efb86e",
                        "attributes": {
                            "id": "rtbassoc-03676362fd2efb86e",
                            "route_table_id": "rtb-07d9f60c0cf2539e3",
                            "subnet_id": "subnet-02d029c9f891fde4b"
                        },
                        "meta": {},
                        "tainted": false
                    },
                    "deposed": [],
                    "provider": "provider.aws"
                },
                "aws_route_table_association.prv_2": {
                    "type": "aws_route_table_association",
                    "depends_on": [
                        "aws_route_table.route_table_private",
                        "aws_subnet.task3_private2"
                    ],
                    "primary": {
                        "id": "rtbassoc-078be99fd9e4142e1",
                        "attributes": {
                            "id": "rtbassoc-078be99fd9e4142e1",
                            "route_table_id": "rtb-07d9f60c0cf2539e3",
                            "subnet_id": "subnet-0026e361b12d960b8"
                        },
                        "meta": {},
                        "tainted": false
                    },
                    "deposed": [],
                    "provider": "provider.aws"
                },
                "aws_route_table_association.prv_3": {
                    "type": "aws_route_table_association",
                    "depends_on": [
                        "aws_route_table.route_table_private",
                        "aws_subnet.task3_private3"
                    ],
                    "primary": {
                        "id": "rtbassoc-0d4f0fd40057de769",
                        "attributes": {
                            "id": "rtbassoc-0d4f0fd40057de769",
                            "route_table_id": "rtb-07d9f60c0cf2539e3",
                            "subnet_id": "subnet-035b80a90ad8ae57c"
                        },
                        "meta": {},
                        "tainted": false
                    },
                    "deposed": [],
                    "provider": "provider.aws"
                },
                "aws_security_group.allow_tls": {
                    "type": "aws_security_group",
                    "depends_on": [],
                    "primary": {
                        "id": "sg-095c0655f82a4659f",
                        "attributes": {
                            "arn": "arn:aws:ec2:us-east-1:514430043235:security-group/sg-095c0655f82a4659f",
                            "description": "Allow TLS inbound traffic",
                            "egress.#": "1",
                            "egress.482069346.cidr_blocks.#": "1",
                            "egress.482069346.cidr_blocks.0": "0.0.0.0/0",
                            "egress.482069346.description": "",
                            "egress.482069346.from_port": "0",
                            "egress.482069346.ipv6_cidr_blocks.#": "0",
                            "egress.482069346.prefix_list_ids.#": "0",
                            "egress.482069346.protocol": "-1",
                            "egress.482069346.security_groups.#": "0",
                            "egress.482069346.self": "false",
                            "egress.482069346.to_port": "0",
                            "id": "sg-095c0655f82a4659f",
                            "ingress.#": "2",
                            "ingress.2156912855.cidr_blocks.#": "1",
                            "ingress.2156912855.cidr_blocks.0": "0.0.0.0/0",
                            "ingress.2156912855.description": "TLS from VPC",
                            "ingress.2156912855.from_port": "80",
                            "ingress.2156912855.ipv6_cidr_blocks.#": "0",
                            "ingress.2156912855.prefix_list_ids.#": "0",
                            "ingress.2156912855.protocol": "tcp",
                            "ingress.2156912855.security_groups.#": "0",
                            "ingress.2156912855.self": "false",
                            "ingress.2156912855.to_port": "80",
                            "ingress.22768159.cidr_blocks.#": "1",
                            "ingress.22768159.cidr_blocks.0": "0.0.0.0/0",
                            "ingress.22768159.description": "TLS from VPC",
                            "ingress.22768159.from_port": "22",
                            "ingress.22768159.ipv6_cidr_blocks.#": "0",
                            "ingress.22768159.prefix_list_ids.#": "0",
                            "ingress.22768159.protocol": "tcp",
                            "ingress.22768159.security_groups.#": "0",
                            "ingress.22768159.self": "false",
                            "ingress.22768159.to_port": "22",
                            "name": "allow_tls2",
                            "owner_id": "514430043235",
                            "revoke_rules_on_delete": "false",
                            "tags.%": "4",
                            "tags.Created_by": "sevil",
                            "tags.Department": "IT",
                            "tags.Environment": "Dev",
                            "tags.Team": "infrastructure",
                            "vpc_id": "vpc-03363a5a50c9cd738"
                        },
                        "meta": {
                            "e2bfb730-ecaa-11e6-8f88-34363bc7c4c0": {
                                "create": 600000000000,
                                "delete": 600000000000
                            },
                            "schema_version": "1"
                        },
                        "tainted": false
                    },
                    "deposed": [],
                    "provider": "provider.aws"
                },
                "aws_subnet.task3_private1": {
                    "type": "aws_subnet",
                    "depends_on": [
                        "aws_vpc.main"
                    ],
                    "primary": {
                        "id": "subnet-02d029c9f891fde4b",
                        "attributes": {
                            "arn": "arn:aws:ec2:us-east-1:514430043235:subnet/subnet-02d029c9f891fde4b",
                            "assign_ipv6_address_on_creation": "false",
                            "availability_zone": "us-east-1e",
                            "availability_zone_id": "use1-az3",
                            "cidr_block": "10.0.1.0/24",
                            "id": "subnet-02d029c9f891fde4b",
                            "ipv6_cidr_block": "",
                            "ipv6_cidr_block_association_id": "",
                            "map_public_ip_on_launch": "false",
                            "owner_id": "514430043235",
                            "tags.%": "4",
                            "tags.Created_by": "sevil",
                            "tags.Department": "IT",
                            "tags.Environment": "Dev",
                            "tags.Team": "infrastructure",
                            "vpc_id": "vpc-0585a842ea08c2573"
                        },
                        "meta": {
                            "e2bfb730-ecaa-11e6-8f88-34363bc7c4c0": {
                                "create": 600000000000,
                                "delete": 1200000000000
                            },
                            "schema_version": "1"
                        },
                        "tainted": false
                    },
                    "deposed": [],
                    "provider": "provider.aws"
                },
                "aws_subnet.task3_private2": {
                    "type": "aws_subnet",
                    "depends_on": [
                        "aws_vpc.main"
                    ],
                    "primary": {
                        "id": "subnet-0026e361b12d960b8",
                        "attributes": {
                            "arn": "arn:aws:ec2:us-east-1:514430043235:subnet/subnet-0026e361b12d960b8",
                            "assign_ipv6_address_on_creation": "false",
                            "availability_zone": "us-east-1c",
                            "availability_zone_id": "use1-az2",
                            "cidr_block": "10.0.2.0/24",
                            "id": "subnet-0026e361b12d960b8",
                            "ipv6_cidr_block": "",
                            "ipv6_cidr_block_association_id": "",
                            "map_public_ip_on_launch": "false",
                            "owner_id": "514430043235",
                            "tags.%": "4",
                            "tags.Created_by": "sevil",
                            "tags.Department": "IT",
                            "tags.Environment": "Dev",
                            "tags.Team": "infrastructure",
                            "vpc_id": "vpc-0585a842ea08c2573"
                        },
                        "meta": {
                            "e2bfb730-ecaa-11e6-8f88-34363bc7c4c0": {
                                "create": 600000000000,
                                "delete": 1200000000000
                            },
                            "schema_version": "1"
                        },
                        "tainted": false
                    },
                    "deposed": [],
                    "provider": "provider.aws"
                },
                "aws_subnet.task3_private3": {
                    "type": "aws_subnet",
                    "depends_on": [
                        "aws_vpc.main"
                    ],
                    "primary": {
                        "id": "subnet-035b80a90ad8ae57c",
                        "attributes": {
                            "arn": "arn:aws:ec2:us-east-1:514430043235:subnet/subnet-035b80a90ad8ae57c",
                            "assign_ipv6_address_on_creation": "false",
                            "availability_zone": "us-east-1a",
                            "availability_zone_id": "use1-az6",
                            "cidr_block": "10.0.3.0/24",
                            "id": "subnet-035b80a90ad8ae57c",
                            "ipv6_cidr_block": "",
                            "ipv6_cidr_block_association_id": "",
                            "map_public_ip_on_launch": "false",
                            "owner_id": "514430043235",
                            "tags.%": "4",
                            "tags.Created_by": "sevil",
                            "tags.Department": "IT",
                            "tags.Environment": "Dev",
                            "tags.Team": "infrastructure",
                            "vpc_id": "vpc-0585a842ea08c2573"
                        },
                        "meta": {
                            "e2bfb730-ecaa-11e6-8f88-34363bc7c4c0": {
                                "create": 600000000000,
                                "delete": 1200000000000
                            },
                            "schema_version": "1"
                        },
                        "tainted": false
                    },
                    "deposed": [],
                    "provider": "provider.aws"
                },
                "aws_subnet.task3_public1": {
                    "type": "aws_subnet",
                    "depends_on": [
                        "aws_vpc.main"
                    ],
                    "primary": {
                        "id": "subnet-01b8c56b31c11eed0",
                        "attributes": {
                            "arn": "arn:aws:ec2:us-east-1:514430043235:subnet/subnet-01b8c56b31c11eed0",
                            "assign_ipv6_address_on_creation": "false",
                            "availability_zone": "us-east-1e",
                            "availability_zone_id": "use1-az3",
                            "cidr_block": "10.0.101.0/24",
                            "id": "subnet-01b8c56b31c11eed0",
                            "ipv6_cidr_block": "",
                            "ipv6_cidr_block_association_id": "",
                            "map_public_ip_on_launch": "false",
                            "owner_id": "514430043235",
                            "tags.%": "4",
                            "tags.Created_by": "sevil",
                            "tags.Department": "IT",
                            "tags.Environment": "Dev",
                            "tags.Team": "infrastructure",
                            "vpc_id": "vpc-0585a842ea08c2573"
                        },
                        "meta": {
                            "e2bfb730-ecaa-11e6-8f88-34363bc7c4c0": {
                                "create": 600000000000,
                                "delete": 1200000000000
                            },
                            "schema_version": "1"
                        },
                        "tainted": false
                    },
                    "deposed": [],
                    "provider": "provider.aws"
                },
                "aws_subnet.task3_public2": {
                    "type": "aws_subnet",
                    "depends_on": [
                        "aws_vpc.main"
                    ],
                    "primary": {
                        "id": "subnet-087a2f40431ee5911",
                        "attributes": {
                            "arn": "arn:aws:ec2:us-east-1:514430043235:subnet/subnet-087a2f40431ee5911",
                            "assign_ipv6_address_on_creation": "false",
                            "availability_zone": "us-east-1c",
                            "availability_zone_id": "use1-az2",
                            "cidr_block": "10.0.102.0/24",
                            "id": "subnet-087a2f40431ee5911",
                            "ipv6_cidr_block": "",
                            "ipv6_cidr_block_association_id": "",
                            "map_public_ip_on_launch": "false",
                            "owner_id": "514430043235",
                            "tags.%": "4",
                            "tags.Created_by": "sevil",
                            "tags.Department": "IT",
                            "tags.Environment": "Dev",
                            "tags.Team": "infrastructure",
                            "vpc_id": "vpc-0585a842ea08c2573"
                        },
                        "meta": {
                            "e2bfb730-ecaa-11e6-8f88-34363bc7c4c0": {
                                "create": 600000000000,
                                "delete": 1200000000000
                            },
                            "schema_version": "1"
                        },
                        "tainted": false
                    },
                    "deposed": [],
                    "provider": "provider.aws"
                },
                "aws_subnet.task3_public3": {
                    "type": "aws_subnet",
                    "depends_on": [
                        "aws_vpc.main"
                    ],
                    "primary": {
                        "id": "subnet-0b9c148ae44965940",
                        "attributes": {
                            "arn": "arn:aws:ec2:us-east-1:514430043235:subnet/subnet-0b9c148ae44965940",
                            "assign_ipv6_address_on_creation": "false",
                            "availability_zone": "us-east-1c",
                            "availability_zone_id": "use1-az2",
                            "cidr_block": "10.0.103.0/24",
                            "id": "subnet-0b9c148ae44965940",
                            "ipv6_cidr_block": "",
                            "ipv6_cidr_block_association_id": "",
                            "map_public_ip_on_launch": "false",
                            "owner_id": "514430043235",
                            "tags.%": "4",
                            "tags.Created_by": "sevil",
                            "tags.Department": "IT",
                            "tags.Environment": "Dev",
                            "tags.Team": "infrastructure",
                            "vpc_id": "vpc-0585a842ea08c2573"
                        },
                        "meta": {
                            "e2bfb730-ecaa-11e6-8f88-34363bc7c4c0": {
                                "create": 600000000000,
                                "delete": 1200000000000
                            },
                            "schema_version": "1"
                        },
                        "tainted": false
                    },
                    "deposed": [],
                    "provider": "provider.aws"
                },
                "aws_vpc.main": {
                    "type": "aws_vpc",
                    "depends_on": [],
                    "primary": {
                        "id": "vpc-0585a842ea08c2573",
                        "attributes": {
                            "arn": "arn:aws:ec2:us-east-1:514430043235:vpc/vpc-0585a842ea08c2573",
                            "assign_generated_ipv6_cidr_block": "false",
                            "cidr_block": "10.0.0.0/16",
                            "default_network_acl_id": "acl-07d743ba070547d3e",
                            "default_route_table_id": "rtb-022564a52a8a92235",
                            "default_security_group_id": "sg-0e0fa1192a22cbc5b",
                            "dhcp_options_id": "dopt-9f78dfe5",
                            "enable_classiclink": "false",
                            "enable_classiclink_dns_support": "false",
                            "enable_dns_hostnames": "false",
                            "enable_dns_support": "true",
                            "id": "vpc-0585a842ea08c2573",
                            "instance_tenancy": "default",
                            "ipv6_association_id": "",
                            "ipv6_cidr_block": "",
                            "main_route_table_id": "rtb-022564a52a8a92235",
                            "owner_id": "514430043235",
                            "tags.%": "4",
                            "tags.Created_by": "sevil",
                            "tags.Department": "IT",
                            "tags.Environment": "Dev",
                            "tags.Team": "infrastructure"
                        },
                        "meta": {
                            "schema_version": "1"
                        },
                        "tainted": false
                    },
                    "deposed": [],
                    "provider": "provider.aws"
                }
            },
            "depends_on": []
        }
    ]
}
