{
    "version": 3,
    "terraform_version": "0.11.14",
    "serial": 2,
    "lineage": "25c99833-cf35-e259-d9e2-e630c7f273ce",
    "modules": [
        {
            "path": [
                "root"
            ],
            "outputs": {},
            "resources": {},
            "depends_on": []
        },
        {
            "path": [
                "root",
                "app1"
            ],
            "outputs": {},
            "resources": {
                "aws_autoscaling_group.example": {
                    "type": "aws_autoscaling_group",
                    "depends_on": [
                        "aws_launch_template.example"
                    ],
                    "primary": {
                        "id": "tf-asg-20200505153037118300000006",
                        "attributes": {
                            "arn": "arn:aws:autoscaling:us-east-1:514430043235:autoScalingGroup:73642178-ac01-4215-a354-0658a2f9d112:autoScalingGroupName/tf-asg-20200505153037118300000006",
                            "availability_zones.#": "3",
                            "availability_zones.1305112097": "us-east-1b",
                            "availability_zones.3569565595": "us-east-1a",
                            "availability_zones.986537655": "us-east-1c",
                            "default_cooldown": "300",
                            "desired_capacity": "1",
                            "enabled_metrics.#": "0",
                            "force_delete": "false",
                            "health_check_grace_period": "300",
                            "health_check_type": "EC2",
                            "id": "tf-asg-20200505153037118300000006",
                            "launch_configuration": "",
                            "launch_template.#": "0",
                            "load_balancers.#": "0",
                            "max_instance_lifetime": "0",
                            "max_size": "1",
                            "metrics_granularity": "1Minute",
                            "min_size": "1",
                            "mixed_instances_policy.#": "1",
                            "mixed_instances_policy.0.instances_distribution.#": "1",
                            "mixed_instances_policy.0.instances_distribution.0.on_demand_allocation_strategy": "prioritized",
                            "mixed_instances_policy.0.instances_distribution.0.on_demand_base_capacity": "0",
                            "mixed_instances_policy.0.instances_distribution.0.on_demand_percentage_above_base_capacity": "100",
                            "mixed_instances_policy.0.instances_distribution.0.spot_allocation_strategy": "lowest-price",
                            "mixed_instances_policy.0.instances_distribution.0.spot_instance_pools": "2",
                            "mixed_instances_policy.0.instances_distribution.0.spot_max_price": "",
                            "mixed_instances_policy.0.launch_template.#": "1",
                            "mixed_instances_policy.0.launch_template.0.launch_template_specification.#": "1",
                            "mixed_instances_policy.0.launch_template.0.launch_template_specification.0.launch_template_id": "lt-0ea0ca416be1799fd",
                            "mixed_instances_policy.0.launch_template.0.launch_template_specification.0.launch_template_name": "example20200505153036146900000003",
                            "mixed_instances_policy.0.launch_template.0.launch_template_specification.0.version": "$Default",
                            "mixed_instances_policy.0.launch_template.0.override.#": "2",
                            "mixed_instances_policy.0.launch_template.0.override.0.instance_type": "c4.large",
                            "mixed_instances_policy.0.launch_template.0.override.0.weighted_capacity": "3",
                            "mixed_instances_policy.0.launch_template.0.override.1.instance_type": "c3.large",
                            "mixed_instances_policy.0.launch_template.0.override.1.weighted_capacity": "2",
                            "name": "tf-asg-20200505153037118300000006",
                            "placement_group": "",
                            "protect_from_scale_in": "false",
                            "service_linked_role_arn": "arn:aws:iam::514430043235:role/aws-service-role/autoscaling.amazonaws.com/AWSServiceRoleForAutoScaling",
                            "suspended_processes.#": "0",
                            "tag.#": "0",
                            "target_group_arns.#": "0",
                            "termination_policies.#": "0",
                            "vpc_zone_identifier.#": "0",
                            "wait_for_capacity_timeout": "10m"
                        },
                        "meta": {
                            "e2bfb730-ecaa-11e6-8f88-34363bc7c4c0": {
                                "delete": 600000000000
                            }
                        },
                        "tainted": false
                    },
                    "deposed": [],
                    "provider": "module.app1.provider.aws"
                },
                "aws_key_pair.asg-key": {
                    "type": "aws_key_pair",
                    "depends_on": [],
                    "primary": {
                        "id": "Terraform_module",
                        "attributes": {
                            "fingerprint": "08:b7:b1:51:1d:11:4f:e0:aa:5d:cc:fd:67:68:c0:7a",
                            "id": "Terraform_module",
                            "key_name": "Terraform_module",
                            "key_pair_id": "key-003d350c8c4a062c4",
                            "public_key": "ssh-rsa AAAAB3NzaC1yc2EAAAADAQABAAABAQCp4dTkryIUm++2V+7dmPJCBJaOmVJtuZ0+OkW5HxMmlWqZhfva/ogkvL1jrn67Y/6wCQX47GGYliIYsOyeNpvcTrnow8ruZ3P5dFUgeHjH2LBWdlZw4EVlXUtPGSDtPd6ZxNfZnW8Oim+CUS8tOWS5DkOpZCE0tfWfhui+/gtrrRC2WPxeVm3Wk3DLhmqglJi7VvwJ0C4O1FeIbuMDa43+JJxojUC0Ck55SuPdF6J6hF65ivTxhYuZJTgxGgUkK8BBD6oFsmxaXmHl4XFfcrZF+vVC4ctiDhZivYGiPDjpzrlpWhTit7Q/Ry8bSgQ71DDmnpAnCWa/JiSEDo36OCAB ec2-user@ip-172-31-5-215.us-west-1.compute.internal",
                            "tags.%": "0"
                        },
                        "meta": {
                            "schema_version": "1"
                        },
                        "tainted": false
                    },
                    "deposed": [],
                    "provider": "module.app1.provider.aws"
                },
                "aws_launch_template.example": {
                    "type": "aws_launch_template",
                    "depends_on": [
                        "data.aws_ami.image"
                    ],
                    "primary": {
                        "id": "lt-0ea0ca416be1799fd",
                        "attributes": {
                            "arn": "arn:aws:ec2:us-east-1:514430043235:launch-template/lt-0ea0ca416be1799fd",
                            "block_device_mappings.#": "0",
                            "capacity_reservation_specification.#": "0",
                            "cpu_options.#": "0",
                            "default_version": "1",
                            "description": "",
                            "disable_api_termination": "false",
                            "ebs_optimized": "",
                            "elastic_gpu_specifications.#": "0",
                            "elastic_inference_accelerator.#": "0",
                            "hibernation_options.#": "0",
                            "iam_instance_profile.#": "0",
                            "id": "lt-0ea0ca416be1799fd",
                            "image_id": "ami-0b157fecb8405cc9a",
                            "instance_initiated_shutdown_behavior": "",
                            "instance_market_options.#": "0",
                            "instance_type": "c5.large",
                            "kernel_id": "",
                            "key_name": "",
                            "latest_version": "1",
                            "license_specification.#": "0",
                            "metadata_options.#": "0",
                            "monitoring.#": "0",
                            "name": "example20200505153036146900000003",
                            "name_prefix": "example",
                            "network_interfaces.#": "0",
                            "placement.#": "0",
                            "ram_disk_id": "",
                            "security_group_names.#": "0",
                            "tag_specifications.#": "0",
                            "tags.%": "0",
                            "user_data": "",
                            "vpc_security_group_ids.#": "0"
                        },
                        "meta": {},
                        "tainted": false
                    },
                    "deposed": [],
                    "provider": "module.app1.provider.aws"
                },
                "data.aws_ami.image": {
                    "type": "aws_ami",
                    "depends_on": [],
                    "primary": {
                        "id": "ami-0b157fecb8405cc9a",
                        "attributes": {
                            "architecture": "x86_64",
                            "block_device_mappings.#": "1",
                            "block_device_mappings.3982251136.device_name": "/dev/xvda",
                            "block_device_mappings.3982251136.ebs.%": "6",
                            "block_device_mappings.3982251136.ebs.delete_on_termination": "true",
                            "block_device_mappings.3982251136.ebs.encrypted": "false",
                            "block_device_mappings.3982251136.ebs.iops": "0",
                            "block_device_mappings.3982251136.ebs.snapshot_id": "snap-0ec1627e241b784d4",
                            "block_device_mappings.3982251136.ebs.volume_size": "2",
                            "block_device_mappings.3982251136.ebs.volume_type": "standard",
                            "block_device_mappings.3982251136.no_device": "",
                            "block_device_mappings.3982251136.virtual_name": "",
                            "creation_date": "2020-04-07T17:37:20.000Z",
                            "description": "Amazon Linux 2 AMI 2.0.20200406.0 x86_64 Minimal HVM ebs",
                            "hypervisor": "xen",
                            "id": "ami-0b157fecb8405cc9a",
                            "image_id": "ami-0b157fecb8405cc9a",
                            "image_location": "amazon/amzn2-ami-minimal-hvm-2.0.20200406.0-x86_64-ebs",
                            "image_owner_alias": "amazon",
                            "image_type": "machine",
                            "most_recent": "true",
                            "name": "amzn2-ami-minimal-hvm-2.0.20200406.0-x86_64-ebs",
                            "owner_id": "137112412989",
                            "owners.#": "1",
                            "owners.0": "137112412989",
                            "product_codes.#": "0",
                            "public": "true",
                            "root_device_name": "/dev/xvda",
                            "root_device_type": "ebs",
                            "root_snapshot_id": "snap-0ec1627e241b784d4",
                            "sriov_net_support": "simple",
                            "state": "available",
                            "state_reason.%": "2",
                            "state_reason.code": "UNSET",
                            "state_reason.message": "UNSET",
                            "tags.%": "0",
                            "virtualization_type": "hvm"
                        },
                        "meta": {},
                        "tainted": false
                    },
                    "deposed": [],
                    "provider": "module.app1.provider.aws"
                }
            },
            "depends_on": []
        },
        {
            "path": [
                "root",
                "wordpress"
            ],
            "outputs": {},
            "resources": {
                "aws_autoscaling_group.example": {
                    "type": "aws_autoscaling_group",
                    "depends_on": [
                        "aws_launch_template.example"
                    ],
                    "primary": {
                        "id": "tf-asg-20200505153036878000000005",
                        "attributes": {
                            "arn": "arn:aws:autoscaling:us-east-2:514430043235:autoScalingGroup:fc13b8cc-203a-4967-9794-8899607387f8:autoScalingGroupName/tf-asg-20200505153036878000000005",
                            "availability_zones.#": "3",
                            "availability_zones.1726430690": "us-east-2b",
                            "availability_zones.299896180": "us-east-2c",
                            "availability_zones.4293815384": "us-east-2a",
                            "default_cooldown": "300",
                            "desired_capacity": "1",
                            "enabled_metrics.#": "0",
                            "force_delete": "false",
                            "health_check_grace_period": "300",
                            "health_check_type": "EC2",
                            "id": "tf-asg-20200505153036878000000005",
                            "launch_configuration": "",
                            "launch_template.#": "0",
                            "load_balancers.#": "0",
                            "max_instance_lifetime": "0",
                            "max_size": "1",
                            "metrics_granularity": "1Minute",
                            "min_size": "1",
                            "mixed_instances_policy.#": "1",
                            "mixed_instances_policy.0.instances_distribution.#": "1",
                            "mixed_instances_policy.0.instances_distribution.0.on_demand_allocation_strategy": "prioritized",
                            "mixed_instances_policy.0.instances_distribution.0.on_demand_base_capacity": "0",
                            "mixed_instances_policy.0.instances_distribution.0.on_demand_percentage_above_base_capacity": "100",
                            "mixed_instances_policy.0.instances_distribution.0.spot_allocation_strategy": "lowest-price",
                            "mixed_instances_policy.0.instances_distribution.0.spot_instance_pools": "2",
                            "mixed_instances_policy.0.instances_distribution.0.spot_max_price": "",
                            "mixed_instances_policy.0.launch_template.#": "1",
                            "mixed_instances_policy.0.launch_template.0.launch_template_specification.#": "1",
                            "mixed_instances_policy.0.launch_template.0.launch_template_specification.0.launch_template_id": "lt-0cde48db8f8157a46",
                            "mixed_instances_policy.0.launch_template.0.launch_template_specification.0.launch_template_name": "example20200505153036090000000001",
                            "mixed_instances_policy.0.launch_template.0.launch_template_specification.0.version": "$Default",
                            "mixed_instances_policy.0.launch_template.0.override.#": "2",
                            "mixed_instances_policy.0.launch_template.0.override.0.instance_type": "c4.large",
                            "mixed_instances_policy.0.launch_template.0.override.0.weighted_capacity": "3",
                            "mixed_instances_policy.0.launch_template.0.override.1.instance_type": "c3.large",
                            "mixed_instances_policy.0.launch_template.0.override.1.weighted_capacity": "2",
                            "name": "tf-asg-20200505153036878000000005",
                            "placement_group": "",
                            "protect_from_scale_in": "false",
                            "service_linked_role_arn": "arn:aws:iam::514430043235:role/aws-service-role/autoscaling.amazonaws.com/AWSServiceRoleForAutoScaling",
                            "suspended_processes.#": "0",
                            "tag.#": "0",
                            "target_group_arns.#": "0",
                            "termination_policies.#": "0",
                            "vpc_zone_identifier.#": "0",
                            "wait_for_capacity_timeout": "10m"
                        },
                        "meta": {
                            "e2bfb730-ecaa-11e6-8f88-34363bc7c4c0": {
                                "delete": 600000000000
                            }
                        },
                        "tainted": false
                    },
                    "deposed": [],
                    "provider": "module.wordpress.provider.aws"
                },
                "aws_key_pair.asg-key": {
                    "type": "aws_key_pair",
                    "depends_on": [],
                    "primary": {
                        "id": "Terraform_module",
                        "attributes": {
                            "fingerprint": "08:b7:b1:51:1d:11:4f:e0:aa:5d:cc:fd:67:68:c0:7a",
                            "id": "Terraform_module",
                            "key_name": "Terraform_module",
                            "key_pair_id": "key-0a693c04d7e6d4831",
                            "public_key": "ssh-rsa AAAAB3NzaC1yc2EAAAADAQABAAABAQCp4dTkryIUm++2V+7dmPJCBJaOmVJtuZ0+OkW5HxMmlWqZhfva/ogkvL1jrn67Y/6wCQX47GGYliIYsOyeNpvcTrnow8ruZ3P5dFUgeHjH2LBWdlZw4EVlXUtPGSDtPd6ZxNfZnW8Oim+CUS8tOWS5DkOpZCE0tfWfhui+/gtrrRC2WPxeVm3Wk3DLhmqglJi7VvwJ0C4O1FeIbuMDa43+JJxojUC0Ck55SuPdF6J6hF65ivTxhYuZJTgxGgUkK8BBD6oFsmxaXmHl4XFfcrZF+vVC4ctiDhZivYGiPDjpzrlpWhTit7Q/Ry8bSgQ71DDmnpAnCWa/JiSEDo36OCAB ec2-user@ip-172-31-5-215.us-west-1.compute.internal",
                            "tags.%": "0"
                        },
                        "meta": {
                            "schema_version": "1"
                        },
                        "tainted": false
                    },
                    "deposed": [],
                    "provider": "module.wordpress.provider.aws"
                },
                "aws_launch_template.example": {
                    "type": "aws_launch_template",
                    "depends_on": [
                        "data.aws_ami.image"
                    ],
                    "primary": {
                        "id": "lt-0cde48db8f8157a46",
                        "attributes": {
                            "arn": "arn:aws:ec2:us-east-2:514430043235:launch-template/lt-0cde48db8f8157a46",
                            "block_device_mappings.#": "0",
                            "capacity_reservation_specification.#": "0",
                            "cpu_options.#": "0",
                            "default_version": "1",
                            "description": "",
                            "disable_api_termination": "false",
                            "ebs_optimized": "",
                            "elastic_gpu_specifications.#": "0",
                            "elastic_inference_accelerator.#": "0",
                            "hibernation_options.#": "0",
                            "iam_instance_profile.#": "0",
                            "id": "lt-0cde48db8f8157a46",
                            "image_id": "ami-00e6d2fffe4b826f8",
                            "instance_initiated_shutdown_behavior": "",
                            "instance_market_options.#": "0",
                            "instance_type": "c5.large",
                            "kernel_id": "",
                            "key_name": "",
                            "latest_version": "1",
                            "license_specification.#": "0",
                            "metadata_options.#": "0",
                            "monitoring.#": "0",
                            "name": "example20200505153036090000000001",
                            "name_prefix": "example",
                            "network_interfaces.#": "0",
                            "placement.#": "0",
                            "ram_disk_id": "",
                            "security_group_names.#": "0",
                            "tag_specifications.#": "0",
                            "tags.%": "0",
                            "user_data": "",
                            "vpc_security_group_ids.#": "0"
                        },
                        "meta": {},
                        "tainted": false
                    },
                    "deposed": [],
                    "provider": "module.wordpress.provider.aws"
                },
                "data.aws_ami.image": {
                    "type": "aws_ami",
                    "depends_on": [],
                    "primary": {
                        "id": "ami-00e6d2fffe4b826f8",
                        "attributes": {
                            "architecture": "x86_64",
                            "block_device_mappings.#": "1",
                            "block_device_mappings.3982251136.device_name": "/dev/xvda",
                            "block_device_mappings.3982251136.ebs.%": "6",
                            "block_device_mappings.3982251136.ebs.delete_on_termination": "true",
                            "block_device_mappings.3982251136.ebs.encrypted": "false",
                            "block_device_mappings.3982251136.ebs.iops": "0",
                            "block_device_mappings.3982251136.ebs.snapshot_id": "snap-06cf70c48d3aaa687",
                            "block_device_mappings.3982251136.ebs.volume_size": "2",
                            "block_device_mappings.3982251136.ebs.volume_type": "standard",
                            "block_device_mappings.3982251136.no_device": "",
                            "block_device_mappings.3982251136.virtual_name": "",
                            "creation_date": "2020-04-07T17:37:50.000Z",
                            "description": "Amazon Linux 2 AMI 2.0.20200406.0 x86_64 Minimal HVM ebs",
                            "hypervisor": "xen",
                            "id": "ami-00e6d2fffe4b826f8",
                            "image_id": "ami-00e6d2fffe4b826f8",
                            "image_location": "amazon/amzn2-ami-minimal-hvm-2.0.20200406.0-x86_64-ebs",
                            "image_owner_alias": "amazon",
                            "image_type": "machine",
                            "most_recent": "true",
                            "name": "amzn2-ami-minimal-hvm-2.0.20200406.0-x86_64-ebs",
                            "owner_id": "137112412989",
                            "owners.#": "1",
                            "owners.0": "137112412989",
                            "product_codes.#": "0",
                            "public": "true",
                            "root_device_name": "/dev/xvda",
                            "root_device_type": "ebs",
                            "root_snapshot_id": "snap-06cf70c48d3aaa687",
                            "sriov_net_support": "simple",
                            "state": "available",
                            "state_reason.%": "2",
                            "state_reason.code": "UNSET",
                            "state_reason.message": "UNSET",
                            "tags.%": "0",
                            "virtualization_type": "hvm"
                        },
                        "meta": {},
                        "tainted": false
                    },
                    "deposed": [],
                    "provider": "module.wordpress.provider.aws"
                }
            },
            "depends_on": []
        }
    ]
}
