{
    "version": 3,
    "terraform_version": "0.11.14",
    "serial": 10,
    "lineage": "2bc910fa-4fe4-2c8f-4942-bacffed6a2ee",
    "modules": [
        {
            "path": [
                "root"
            ],
            "outputs": {},
            "resources": {
                "aws_eip.task3_NG": {
                    "type": "aws_eip",
                    "depends_on": [],
                    "primary": {
                        "id": "eipalloc-010668277bc0074ad",
                        "attributes": {
                            "association_id": "",
                            "domain": "vpc",
                            "id": "eipalloc-010668277bc0074ad",
                            "instance": "",
                            "network_interface": "",
                            "private_ip": "",
                            "public_dns": "ec2-35-172-54-58.compute-1.amazonaws.com",
                            "public_ip": "35.172.54.58",
                            "public_ipv4_pool": "amazon",
                            "tags.%": "1",
                            "tags.Name": "task3_NG",
                            "vpc": "true"
                        },
                        "meta": {
                            "e2bfb730-ecaa-11e6-8f88-34363bc7c4c0": {
                                "delete": 180000000000,
                                "read": 900000000000,
                                "update": 300000000000
                            }
                        },
                        "tainted": false
                    },
                    "deposed": [],
                    "provider": "provider.aws"
                },
                "aws_instance.task3": {
                    "type": "aws_instance",
                    "depends_on": [
                        "aws_key_pair.us-east-1-key_task2",
                        "aws_security_group.allow_tls"
                    ],
                    "primary": {
                        "id": "i-005eb1cf90d9c2fb2",
                        "attributes": {
                            "ami": "ami-0323c3dd2da7fb37d",
                            "arn": "arn:aws:ec2:us-east-1:514430043235:instance/i-005eb1cf90d9c2fb2",
                            "associate_public_ip_address": "true",
                            "availability_zone": "us-east-1c",
                            "cpu_core_count": "1",
                            "cpu_threads_per_core": "1",
                            "credit_specification.#": "1",
                            "credit_specification.0.cpu_credits": "standard",
                            "disable_api_termination": "false",
                            "ebs_block_device.#": "0",
                            "ebs_optimized": "false",
                            "ephemeral_block_device.#": "0",
                            "get_password_data": "false",
                            "hibernation": "false",
                            "iam_instance_profile": "",
                            "id": "i-005eb1cf90d9c2fb2",
                            "instance_state": "running",
                            "instance_type": "t2.micro",
                            "ipv6_address_count": "0",
                            "ipv6_addresses.#": "0",
                            "key_name": "task3_key",
                            "metadata_options.#": "1",
                            "metadata_options.0.http_endpoint": "enabled",
                            "metadata_options.0.http_put_response_hop_limit": "1",
                            "metadata_options.0.http_tokens": "optional",
                            "monitoring": "false",
                            "network_interface.#": "0",
                            "password_data": "",
                            "placement_group": "",
                            "primary_network_interface_id": "eni-08de2db2d736656e3",
                            "private_dns": "ip-172-31-81-253.ec2.internal",
                            "private_ip": "172.31.81.253",
                            "public_dns": "ec2-3-87-223-117.compute-1.amazonaws.com",
                            "public_ip": "3.87.223.117",
                            "root_block_device.#": "1",
                            "root_block_device.0.delete_on_termination": "true",
                            "root_block_device.0.device_name": "/dev/xvda",
                            "root_block_device.0.encrypted": "false",
                            "root_block_device.0.iops": "100",
                            "root_block_device.0.kms_key_id": "",
                            "root_block_device.0.volume_id": "vol-04992483509e9f90d",
                            "root_block_device.0.volume_size": "8",
                            "root_block_device.0.volume_type": "gp2",
                            "security_groups.#": "1",
                            "security_groups.1483990825": "allow_tls2",
                            "source_dest_check": "true",
                            "subnet_id": "subnet-0d6fb35062872375b",
                            "tags.%": "1",
                            "tags.Name": "task_3",
                            "tenancy": "default",
                            "user_data": "6cae55ac1e44999f5bf7d1a8d7974cdecec6bcef",
                            "volume_tags.%": "0",
                            "vpc_security_group_ids.#": "1",
                            "vpc_security_group_ids.579633793": "sg-097de04a77bd10493"
                        },
                        "meta": {
                            "e2bfb730-ecaa-11e6-8f88-34363bc7c4c0": {
                                "create": 600000000000,
                                "delete": 1200000000000,
                                "update": 600000000000
                            },
                            "schema_version": "1"
                        },
                        "tainted": false
                    },
                    "deposed": [],
                    "provider": "provider.aws"
                },
                "aws_internet_gateway.task3_IG": {
                    "type": "aws_internet_gateway",
                    "depends_on": [
                        "aws_vpc.main"
                    ],
                    "primary": {
                        "id": "igw-0accee32a2c7662d9",
                        "attributes": {
                            "id": "igw-0accee32a2c7662d9",
                            "owner_id": "514430043235",
                            "tags.%": "1",
                            "tags.Name": "task3_IG",
                            "vpc_id": "vpc-08de96fed4869da12"
                        },
                        "meta": {},
                        "tainted": false
                    },
                    "deposed": [],
                    "provider": "provider.aws"
                },
                "aws_key_pair.us-east-1-key_task2": {
                    "type": "aws_key_pair",
                    "depends_on": [],
                    "primary": {
                        "id": "task3_key",
                        "attributes": {
                            "fingerprint": "08:b7:b1:51:1d:11:4f:e0:aa:5d:cc:fd:67:68:c0:7a",
                            "id": "task3_key",
                            "key_name": "task3_key",
                            "key_pair_id": "key-0f4dac3e9979dc57a",
                            "public_key": "ssh-rsa AAAAB3NzaC1yc2EAAAADAQABAAABAQCp4dTkryIUm++2V+7dmPJCBJaOmVJtuZ0+OkW5HxMmlWqZhfva/ogkvL1jrn67Y/6wCQX47GGYliIYsOyeNpvcTrnow8ruZ3P5dFUgeHjH2LBWdlZw4EVlXUtPGSDtPd6ZxNfZnW8Oim+CUS8tOWS5DkOpZCE0tfWfhui+/gtrrRC2WPxeVm3Wk3DLhmqglJi7VvwJ0C4O1FeIbuMDa43+JJxojUC0Ck55SuPdF6J6hF65ivTxhYuZJTgxGgUkK8BBD6oFsmxaXmHl4XFfcrZF+vVC4ctiDhZivYGiPDjpzrlpWhTit7Q/Ry8bSgQ71DDmnpAnCWa/JiSEDo36OCAB ec2-user@ip-172-31-5-215.us-west-1.compute.internal",
                            "tags.%": "0"
                        },
                        "meta": {
                            "schema_version": "1"
                        },
                        "tainted": false
                    },
                    "deposed": [],
                    "provider": "provider.aws"
                },
                "aws_route_table.route_table": {
                    "type": "aws_route_table",
                    "depends_on": [
                        "aws_internet_gateway.task3_IG",
                        "aws_vpc.main"
                    ],
                    "primary": {
                        "id": "rtb-0f0d51c81664e2c61",
                        "attributes": {
                            "id": "rtb-0f0d51c81664e2c61",
                            "owner_id": "514430043235",
                            "propagating_vgws.#": "0",
                            "route.#": "1",
                            "route.1112693357.cidr_block": "0.0.0.0/0",
                            "route.1112693357.egress_only_gateway_id": "",
                            "route.1112693357.gateway_id": "igw-0accee32a2c7662d9",
                            "route.1112693357.instance_id": "",
                            "route.1112693357.ipv6_cidr_block": "",
                            "route.1112693357.nat_gateway_id": "",
                            "route.1112693357.network_interface_id": "",
                            "route.1112693357.transit_gateway_id": "",
                            "route.1112693357.vpc_peering_connection_id": "",
                            "tags.%": "1",
                            "tags.Name": "task3_RT",
                            "vpc_id": "vpc-08de96fed4869da12"
                        },
                        "meta": {},
                        "tainted": false
                    },
                    "deposed": [],
                    "provider": "provider.aws"
                },
                "aws_route_table_association.b1": {
                    "type": "aws_route_table_association",
                    "depends_on": [
                        "aws_route_table.route_table",
                        "aws_subnet.task3_public1"
                    ],
                    "primary": {
                        "id": "rtbassoc-007f9949ee36c4bb5",
                        "attributes": {
                            "id": "rtbassoc-007f9949ee36c4bb5",
                            "route_table_id": "rtb-0f0d51c81664e2c61",
                            "subnet_id": "subnet-06dfcb57207121796"
                        },
                        "meta": {},
                        "tainted": false
                    },
                    "deposed": [],
                    "provider": "provider.aws"
                },
                "aws_route_table_association.b2": {
                    "type": "aws_route_table_association",
                    "depends_on": [
                        "aws_route_table.route_table",
                        "aws_subnet.task3_public2"
                    ],
                    "primary": {
                        "id": "rtbassoc-025c82650bc999ecb",
                        "attributes": {
                            "id": "rtbassoc-025c82650bc999ecb",
                            "route_table_id": "rtb-0f0d51c81664e2c61",
                            "subnet_id": "subnet-0c5d86ceec7235c6a"
                        },
                        "meta": {},
                        "tainted": false
                    },
                    "deposed": [],
                    "provider": "provider.aws"
                },
                "aws_route_table_association.b3": {
                    "type": "aws_route_table_association",
                    "depends_on": [
                        "aws_route_table.route_table",
                        "aws_subnet.task3_public3"
                    ],
                    "primary": {
                        "id": "rtbassoc-01aab36745ac1bb7b",
                        "attributes": {
                            "id": "rtbassoc-01aab36745ac1bb7b",
                            "route_table_id": "rtb-0f0d51c81664e2c61",
                            "subnet_id": "subnet-05526769cd4745e8c"
                        },
                        "meta": {},
                        "tainted": false
                    },
                    "deposed": [],
                    "provider": "provider.aws"
                },
                "aws_security_group.allow_tls": {
                    "type": "aws_security_group",
                    "depends_on": [],
                    "primary": {
                        "id": "sg-097de04a77bd10493",
                        "attributes": {
                            "arn": "arn:aws:ec2:us-east-1:514430043235:security-group/sg-097de04a77bd10493",
                            "description": "Allow TLS inbound traffic",
                            "egress.#": "1",
                            "egress.482069346.cidr_blocks.#": "1",
                            "egress.482069346.cidr_blocks.0": "0.0.0.0/0",
                            "egress.482069346.description": "",
                            "egress.482069346.from_port": "0",
                            "egress.482069346.ipv6_cidr_blocks.#": "0",
                            "egress.482069346.prefix_list_ids.#": "0",
                            "egress.482069346.protocol": "-1",
                            "egress.482069346.security_groups.#": "0",
                            "egress.482069346.self": "false",
                            "egress.482069346.to_port": "0",
                            "id": "sg-097de04a77bd10493",
                            "ingress.#": "2",
                            "ingress.2156912855.cidr_blocks.#": "1",
                            "ingress.2156912855.cidr_blocks.0": "0.0.0.0/0",
                            "ingress.2156912855.description": "TLS from VPC",
                            "ingress.2156912855.from_port": "80",
                            "ingress.2156912855.ipv6_cidr_blocks.#": "0",
                            "ingress.2156912855.prefix_list_ids.#": "0",
                            "ingress.2156912855.protocol": "tcp",
                            "ingress.2156912855.security_groups.#": "0",
                            "ingress.2156912855.self": "false",
                            "ingress.2156912855.to_port": "80",
                            "ingress.22768159.cidr_blocks.#": "1",
                            "ingress.22768159.cidr_blocks.0": "0.0.0.0/0",
                            "ingress.22768159.description": "TLS from VPC",
                            "ingress.22768159.from_port": "22",
                            "ingress.22768159.ipv6_cidr_blocks.#": "0",
                            "ingress.22768159.prefix_list_ids.#": "0",
                            "ingress.22768159.protocol": "tcp",
                            "ingress.22768159.security_groups.#": "0",
                            "ingress.22768159.self": "false",
                            "ingress.22768159.to_port": "22",
                            "name": "allow_tls2",
                            "owner_id": "514430043235",
                            "revoke_rules_on_delete": "false",
                            "tags.%": "1",
                            "tags.Name": "allow_tls",
                            "vpc_id": "vpc-03363a5a50c9cd738"
                        },
                        "meta": {
                            "e2bfb730-ecaa-11e6-8f88-34363bc7c4c0": {
                                "create": 600000000000,
                                "delete": 600000000000
                            },
                            "schema_version": "1"
                        },
                        "tainted": false
                    },
                    "deposed": [],
                    "provider": "provider.aws"
                },
                "aws_subnet.task3_private1": {
                    "type": "aws_subnet",
                    "depends_on": [
                        "aws_vpc.main"
                    ],
                    "primary": {
                        "id": "subnet-01fd05de0b9635f09",
                        "attributes": {
                            "arn": "arn:aws:ec2:us-east-1:514430043235:subnet/subnet-01fd05de0b9635f09",
                            "assign_ipv6_address_on_creation": "false",
                            "availability_zone": "us-east-1d",
                            "availability_zone_id": "use1-az4",
                            "cidr_block": "10.0.1.0/24",
                            "id": "subnet-01fd05de0b9635f09",
                            "ipv6_cidr_block": "",
                            "ipv6_cidr_block_association_id": "",
                            "map_public_ip_on_launch": "false",
                            "owner_id": "514430043235",
                            "tags.%": "1",
                            "tags.Name": "task_3_privateSub1",
                            "vpc_id": "vpc-08de96fed4869da12"
                        },
                        "meta": {
                            "e2bfb730-ecaa-11e6-8f88-34363bc7c4c0": {
                                "create": 600000000000,
                                "delete": 1200000000000
                            },
                            "schema_version": "1"
                        },
                        "tainted": false
                    },
                    "deposed": [],
                    "provider": "provider.aws"
                },
                "aws_subnet.task3_private2": {
                    "type": "aws_subnet",
                    "depends_on": [
                        "aws_vpc.main"
                    ],
                    "primary": {
                        "id": "subnet-0ded9221e7c2ac320",
                        "attributes": {
                            "arn": "arn:aws:ec2:us-east-1:514430043235:subnet/subnet-0ded9221e7c2ac320",
                            "assign_ipv6_address_on_creation": "false",
                            "availability_zone": "us-east-1f",
                            "availability_zone_id": "use1-az5",
                            "cidr_block": "10.0.2.0/24",
                            "id": "subnet-0ded9221e7c2ac320",
                            "ipv6_cidr_block": "",
                            "ipv6_cidr_block_association_id": "",
                            "map_public_ip_on_launch": "false",
                            "owner_id": "514430043235",
                            "tags.%": "1",
                            "tags.Name": "task_3_privateSub2",
                            "vpc_id": "vpc-08de96fed4869da12"
                        },
                        "meta": {
                            "e2bfb730-ecaa-11e6-8f88-34363bc7c4c0": {
                                "create": 600000000000,
                                "delete": 1200000000000
                            },
                            "schema_version": "1"
                        },
                        "tainted": false
                    },
                    "deposed": [],
                    "provider": "provider.aws"
                },
                "aws_subnet.task3_private3": {
                    "type": "aws_subnet",
                    "depends_on": [
                        "aws_vpc.main"
                    ],
                    "primary": {
                        "id": "subnet-0dda5b2b8546e0274",
                        "attributes": {
                            "arn": "arn:aws:ec2:us-east-1:514430043235:subnet/subnet-0dda5b2b8546e0274",
                            "assign_ipv6_address_on_creation": "false",
                            "availability_zone": "us-east-1b",
                            "availability_zone_id": "use1-az1",
                            "cidr_block": "10.0.3.0/24",
                            "id": "subnet-0dda5b2b8546e0274",
                            "ipv6_cidr_block": "",
                            "ipv6_cidr_block_association_id": "",
                            "map_public_ip_on_launch": "false",
                            "owner_id": "514430043235",
                            "tags.%": "1",
                            "tags.Name": "task_3_privateSub3",
                            "vpc_id": "vpc-08de96fed4869da12"
                        },
                        "meta": {
                            "e2bfb730-ecaa-11e6-8f88-34363bc7c4c0": {
                                "create": 600000000000,
                                "delete": 1200000000000
                            },
                            "schema_version": "1"
                        },
                        "tainted": false
                    },
                    "deposed": [],
                    "provider": "provider.aws"
                },
                "aws_subnet.task3_public1": {
                    "type": "aws_subnet",
                    "depends_on": [
                        "aws_vpc.main"
                    ],
                    "primary": {
                        "id": "subnet-06dfcb57207121796",
                        "attributes": {
                            "arn": "arn:aws:ec2:us-east-1:514430043235:subnet/subnet-06dfcb57207121796",
                            "assign_ipv6_address_on_creation": "false",
                            "availability_zone": "us-east-1d",
                            "availability_zone_id": "use1-az4",
                            "cidr_block": "10.0.101.0/24",
                            "id": "subnet-06dfcb57207121796",
                            "ipv6_cidr_block": "",
                            "ipv6_cidr_block_association_id": "",
                            "map_public_ip_on_launch": "false",
                            "owner_id": "514430043235",
                            "tags.%": "1",
                            "tags.Name": "task_3_publicSub1",
                            "vpc_id": "vpc-08de96fed4869da12"
                        },
                        "meta": {
                            "e2bfb730-ecaa-11e6-8f88-34363bc7c4c0": {
                                "create": 600000000000,
                                "delete": 1200000000000
                            },
                            "schema_version": "1"
                        },
                        "tainted": false
                    },
                    "deposed": [],
                    "provider": "provider.aws"
                },
                "aws_subnet.task3_public2": {
                    "type": "aws_subnet",
                    "depends_on": [
                        "aws_vpc.main"
                    ],
                    "primary": {
                        "id": "subnet-0c5d86ceec7235c6a",
                        "attributes": {
                            "arn": "arn:aws:ec2:us-east-1:514430043235:subnet/subnet-0c5d86ceec7235c6a",
                            "assign_ipv6_address_on_creation": "false",
                            "availability_zone": "us-east-1a",
                            "availability_zone_id": "use1-az6",
                            "cidr_block": "10.0.102.0/24",
                            "id": "subnet-0c5d86ceec7235c6a",
                            "ipv6_cidr_block": "",
                            "ipv6_cidr_block_association_id": "",
                            "map_public_ip_on_launch": "false",
                            "owner_id": "514430043235",
                            "tags.%": "1",
                            "tags.Name": "task_3_publicSub2",
                            "vpc_id": "vpc-08de96fed4869da12"
                        },
                        "meta": {
                            "e2bfb730-ecaa-11e6-8f88-34363bc7c4c0": {
                                "create": 600000000000,
                                "delete": 1200000000000
                            },
                            "schema_version": "1"
                        },
                        "tainted": false
                    },
                    "deposed": [],
                    "provider": "provider.aws"
                },
                "aws_subnet.task3_public3": {
                    "type": "aws_subnet",
                    "depends_on": [
                        "aws_vpc.main"
                    ],
                    "primary": {
                        "id": "subnet-05526769cd4745e8c",
                        "attributes": {
                            "arn": "arn:aws:ec2:us-east-1:514430043235:subnet/subnet-05526769cd4745e8c",
                            "assign_ipv6_address_on_creation": "false",
                            "availability_zone": "us-east-1c",
                            "availability_zone_id": "use1-az2",
                            "cidr_block": "10.0.103.0/24",
                            "id": "subnet-05526769cd4745e8c",
                            "ipv6_cidr_block": "",
                            "ipv6_cidr_block_association_id": "",
                            "map_public_ip_on_launch": "false",
                            "owner_id": "514430043235",
                            "tags.%": "1",
                            "tags.Name": "task_3_publicSub3",
                            "vpc_id": "vpc-08de96fed4869da12"
                        },
                        "meta": {
                            "e2bfb730-ecaa-11e6-8f88-34363bc7c4c0": {
                                "create": 600000000000,
                                "delete": 1200000000000
                            },
                            "schema_version": "1"
                        },
                        "tainted": false
                    },
                    "deposed": [],
                    "provider": "provider.aws"
                },
                "aws_vpc.main": {
                    "type": "aws_vpc",
                    "depends_on": [],
                    "primary": {
                        "id": "vpc-08de96fed4869da12",
                        "attributes": {
                            "arn": "arn:aws:ec2:us-east-1:514430043235:vpc/vpc-08de96fed4869da12",
                            "assign_generated_ipv6_cidr_block": "false",
                            "cidr_block": "10.0.0.0/16",
                            "default_network_acl_id": "acl-0ef0d473a524249dd",
                            "default_route_table_id": "rtb-074675017daf0cf77",
                            "default_security_group_id": "sg-0517e9ea5d98e91a0",
                            "dhcp_options_id": "dopt-9f78dfe5",
                            "enable_classiclink": "false",
                            "enable_classiclink_dns_support": "false",
                            "enable_dns_hostnames": "false",
                            "enable_dns_support": "true",
                            "id": "vpc-08de96fed4869da12",
                            "instance_tenancy": "default",
                            "ipv6_association_id": "",
                            "ipv6_cidr_block": "",
                            "main_route_table_id": "rtb-074675017daf0cf77",
                            "owner_id": "514430043235",
                            "tags.%": "1",
                            "tags.Name": "task_3"
                        },
                        "meta": {
                            "schema_version": "1"
                        },
                        "tainted": false
                    },
                    "deposed": [],
                    "provider": "provider.aws"
                }
            },
            "depends_on": []
        }
    ]
}
