{
    "version": 3,
    "terraform_version": "0.11.14",
    "serial": 20,
    "lineage": "2bc910fa-4fe4-2c8f-4942-bacffed6a2ee",
    "modules": [
        {
            "path": [
                "root"
            ],
            "outputs": {},
            "resources": {
                "aws_eip.allocation_ip": {
                    "type": "aws_eip",
                    "depends_on": [],
                    "primary": {
                        "id": "eipalloc-09ba91b9986309656",
                        "attributes": {
                            "association_id": "eipassoc-0b6e4e6cbe58ac5df",
                            "domain": "vpc",
                            "id": "eipalloc-09ba91b9986309656",
                            "instance": "",
                            "network_interface": "eni-0354e93a5d31a379a",
                            "private_dns": "ip-10-0-101-188.ec2.internal",
                            "private_ip": "10.0.101.188",
                            "public_dns": "ec2-34-194-42-250.compute-1.amazonaws.com",
                            "public_ip": "34.194.42.250",
                            "public_ipv4_pool": "amazon",
                            "tags.%": "0",
                            "vpc": "true"
                        },
                        "meta": {
                            "e2bfb730-ecaa-11e6-8f88-34363bc7c4c0": {
                                "delete": 180000000000,
                                "read": 900000000000,
                                "update": 300000000000
                            }
                        },
                        "tainted": false
                    },
                    "deposed": [],
                    "provider": "provider.aws"
                },
                "aws_instance.task3": {
                    "type": "aws_instance",
                    "depends_on": [
                        "aws_key_pair.us-east-1-key_task2",
                        "aws_security_group.allow_tls"
                    ],
                    "primary": {
                        "id": "i-07c1de0fd0e3e6155",
                        "attributes": {
                            "ami": "ami-0323c3dd2da7fb37d",
                            "arn": "arn:aws:ec2:us-east-1:514430043235:instance/i-07c1de0fd0e3e6155",
                            "associate_public_ip_address": "true",
                            "availability_zone": "us-east-1a",
                            "cpu_core_count": "1",
                            "cpu_threads_per_core": "1",
                            "credit_specification.#": "1",
                            "credit_specification.0.cpu_credits": "standard",
                            "disable_api_termination": "false",
                            "ebs_block_device.#": "0",
                            "ebs_optimized": "false",
                            "ephemeral_block_device.#": "0",
                            "get_password_data": "false",
                            "hibernation": "false",
                            "iam_instance_profile": "",
                            "id": "i-07c1de0fd0e3e6155",
                            "instance_state": "running",
                            "instance_type": "t2.micro",
                            "ipv6_address_count": "0",
                            "ipv6_addresses.#": "0",
                            "key_name": "task3_key",
                            "metadata_options.#": "1",
                            "metadata_options.0.http_endpoint": "enabled",
                            "metadata_options.0.http_put_response_hop_limit": "1",
                            "metadata_options.0.http_tokens": "optional",
                            "monitoring": "false",
                            "network_interface.#": "0",
                            "password_data": "",
                            "placement_group": "",
                            "primary_network_interface_id": "eni-091586d7ee9e73455",
                            "private_dns": "ip-172-31-46-162.ec2.internal",
                            "private_ip": "172.31.46.162",
                            "public_dns": "ec2-3-94-207-217.compute-1.amazonaws.com",
                            "public_ip": "3.94.207.217",
                            "root_block_device.#": "1",
                            "root_block_device.0.delete_on_termination": "true",
                            "root_block_device.0.device_name": "/dev/xvda",
                            "root_block_device.0.encrypted": "false",
                            "root_block_device.0.iops": "100",
                            "root_block_device.0.kms_key_id": "",
                            "root_block_device.0.volume_id": "vol-08494fbf2880616f8",
                            "root_block_device.0.volume_size": "8",
                            "root_block_device.0.volume_type": "gp2",
                            "security_groups.#": "1",
                            "security_groups.1483990825": "allow_tls2",
                            "source_dest_check": "true",
                            "subnet_id": "subnet-00fb2e553f8b5c207",
                            "tags.%": "5",
                            "tags.Created_by": "sevil",
                            "tags.Department": "IT",
                            "tags.Environment": "Dev",
                            "tags.Name": "task_3",
                            "tags.Team": "infrastructure",
                            "tenancy": "default",
                            "user_data": "6cae55ac1e44999f5bf7d1a8d7974cdecec6bcef",
                            "volume_tags.%": "0",
                            "vpc_security_group_ids.#": "1",
                            "vpc_security_group_ids.1730335483": "sg-01ae9129b6272ce23"
                        },
                        "meta": {
                            "e2bfb730-ecaa-11e6-8f88-34363bc7c4c0": {
                                "create": 600000000000,
                                "delete": 1200000000000,
                                "update": 600000000000
                            },
                            "schema_version": "1"
                        },
                        "tainted": false
                    },
                    "deposed": [],
                    "provider": "provider.aws"
                },
                "aws_internet_gateway.task3_IG": {
                    "type": "aws_internet_gateway",
                    "depends_on": [
                        "aws_vpc.main"
                    ],
                    "primary": {
                        "id": "igw-092c5d4402838dcdc",
                        "attributes": {
                            "id": "igw-092c5d4402838dcdc",
                            "owner_id": "514430043235",
                            "tags.%": "4",
                            "tags.Created_by": "sevil",
                            "tags.Department": "IT",
                            "tags.Environment": "Dev",
                            "tags.Team": "infrastructure",
                            "vpc_id": "vpc-0cbdaac7cc0011e3f"
                        },
                        "meta": {},
                        "tainted": false
                    },
                    "deposed": [],
                    "provider": "provider.aws"
                },
                "aws_key_pair.us-east-1-key_task2": {
                    "type": "aws_key_pair",
                    "depends_on": [],
                    "primary": {
                        "id": "task3_key",
                        "attributes": {
                            "fingerprint": "08:b7:b1:51:1d:11:4f:e0:aa:5d:cc:fd:67:68:c0:7a",
                            "id": "task3_key",
                            "key_name": "task3_key",
                            "key_pair_id": "key-05bbd697022f3df75",
                            "public_key": "ssh-rsa AAAAB3NzaC1yc2EAAAADAQABAAABAQCp4dTkryIUm++2V+7dmPJCBJaOmVJtuZ0+OkW5HxMmlWqZhfva/ogkvL1jrn67Y/6wCQX47GGYliIYsOyeNpvcTrnow8ruZ3P5dFUgeHjH2LBWdlZw4EVlXUtPGSDtPd6ZxNfZnW8Oim+CUS8tOWS5DkOpZCE0tfWfhui+/gtrrRC2WPxeVm3Wk3DLhmqglJi7VvwJ0C4O1FeIbuMDa43+JJxojUC0Ck55SuPdF6J6hF65ivTxhYuZJTgxGgUkK8BBD6oFsmxaXmHl4XFfcrZF+vVC4ctiDhZivYGiPDjpzrlpWhTit7Q/Ry8bSgQ71DDmnpAnCWa/JiSEDo36OCAB ec2-user@ip-172-31-5-215.us-west-1.compute.internal",
                            "tags.%": "4",
                            "tags.Created_by": "sevil",
                            "tags.Department": "IT",
                            "tags.Environment": "Dev",
                            "tags.Team": "infrastructure"
                        },
                        "meta": {
                            "schema_version": "1"
                        },
                        "tainted": false
                    },
                    "deposed": [],
                    "provider": "provider.aws"
                },
                "aws_nat_gateway.task3_ng": {
                    "type": "aws_nat_gateway",
                    "depends_on": [
                        "aws_eip.allocation_ip",
                        "aws_subnet.task3_public1"
                    ],
                    "primary": {
                        "id": "nat-0add5cf5bb70c90ca",
                        "attributes": {
                            "allocation_id": "eipalloc-09ba91b9986309656",
                            "id": "nat-0add5cf5bb70c90ca",
                            "network_interface_id": "eni-0354e93a5d31a379a",
                            "private_ip": "10.0.101.188",
                            "public_ip": "34.194.42.250",
                            "subnet_id": "subnet-058eda02ce69a5523",
                            "tags.%": "4",
                            "tags.Created_by": "sevil",
                            "tags.Department": "IT",
                            "tags.Environment": "Dev",
                            "tags.Team": "infrastructure"
                        },
                        "meta": {},
                        "tainted": false
                    },
                    "deposed": [],
                    "provider": "provider.aws"
                },
                "aws_route_table.route_table": {
                    "type": "aws_route_table",
                    "depends_on": [
                        "aws_internet_gateway.task3_IG",
                        "aws_vpc.main"
                    ],
                    "primary": {
                        "id": "rtb-0babc807232d55b39",
                        "attributes": {
                            "id": "rtb-0babc807232d55b39",
                            "owner_id": "514430043235",
                            "propagating_vgws.#": "0",
                            "route.#": "1",
                            "route.3815558118.cidr_block": "0.0.0.0/0",
                            "route.3815558118.egress_only_gateway_id": "",
                            "route.3815558118.gateway_id": "igw-092c5d4402838dcdc",
                            "route.3815558118.instance_id": "",
                            "route.3815558118.ipv6_cidr_block": "",
                            "route.3815558118.nat_gateway_id": "",
                            "route.3815558118.network_interface_id": "",
                            "route.3815558118.transit_gateway_id": "",
                            "route.3815558118.vpc_peering_connection_id": "",
                            "tags.%": "4",
                            "tags.Created_by": "sevil",
                            "tags.Department": "IT",
                            "tags.Environment": "Dev",
                            "tags.Team": "infrastructure",
                            "vpc_id": "vpc-0cbdaac7cc0011e3f"
                        },
                        "meta": {},
                        "tainted": false
                    },
                    "deposed": [],
                    "provider": "provider.aws"
                },
                "aws_route_table.route_table_private": {
                    "type": "aws_route_table",
                    "depends_on": [
                        "aws_internet_gateway.task3_IG",
                        "aws_vpc.main"
                    ],
                    "primary": {
                        "id": "rtb-0d7dce1b69e484af9",
                        "attributes": {
                            "id": "rtb-0d7dce1b69e484af9",
                            "owner_id": "514430043235",
                            "propagating_vgws.#": "0",
                            "route.#": "1",
                            "route.3815558118.cidr_block": "0.0.0.0/0",
                            "route.3815558118.egress_only_gateway_id": "",
                            "route.3815558118.gateway_id": "igw-092c5d4402838dcdc",
                            "route.3815558118.instance_id": "",
                            "route.3815558118.ipv6_cidr_block": "",
                            "route.3815558118.nat_gateway_id": "",
                            "route.3815558118.network_interface_id": "",
                            "route.3815558118.transit_gateway_id": "",
                            "route.3815558118.vpc_peering_connection_id": "",
                            "tags.%": "4",
                            "tags.Created_by": "sevil",
                            "tags.Department": "IT",
                            "tags.Environment": "Dev",
                            "tags.Team": "infrastructure",
                            "vpc_id": "vpc-0cbdaac7cc0011e3f"
                        },
                        "meta": {},
                        "tainted": false
                    },
                    "deposed": [],
                    "provider": "provider.aws"
                },
                "aws_route_table_association.b1": {
                    "type": "aws_route_table_association",
                    "depends_on": [
                        "aws_route_table.route_table",
                        "aws_subnet.task3_public1"
                    ],
                    "primary": {
                        "id": "rtbassoc-0a0cb005c0ed5891b",
                        "attributes": {
                            "id": "rtbassoc-0a0cb005c0ed5891b",
                            "route_table_id": "rtb-0babc807232d55b39",
                            "subnet_id": "subnet-058eda02ce69a5523"
                        },
                        "meta": {},
                        "tainted": false
                    },
                    "deposed": [],
                    "provider": "provider.aws"
                },
                "aws_route_table_association.b2": {
                    "type": "aws_route_table_association",
                    "depends_on": [
                        "aws_route_table.route_table",
                        "aws_subnet.task3_public2"
                    ],
                    "primary": {
                        "id": "rtbassoc-0ac125abe9cbc8147",
                        "attributes": {
                            "id": "rtbassoc-0ac125abe9cbc8147",
                            "route_table_id": "rtb-0babc807232d55b39",
                            "subnet_id": "subnet-065d290b83b76f470"
                        },
                        "meta": {},
                        "tainted": false
                    },
                    "deposed": [],
                    "provider": "provider.aws"
                },
                "aws_route_table_association.b3": {
                    "type": "aws_route_table_association",
                    "depends_on": [
                        "aws_route_table.route_table",
                        "aws_subnet.task3_public3"
                    ],
                    "primary": {
                        "id": "rtbassoc-0048ed7c458f6b5e6",
                        "attributes": {
                            "id": "rtbassoc-0048ed7c458f6b5e6",
                            "route_table_id": "rtb-0babc807232d55b39",
                            "subnet_id": "subnet-0e0a7ca31c6849478"
                        },
                        "meta": {},
                        "tainted": false
                    },
                    "deposed": [],
                    "provider": "provider.aws"
                },
                "aws_route_table_association.prv_1": {
                    "type": "aws_route_table_association",
                    "depends_on": [
                        "aws_route_table.route_table_private",
                        "aws_subnet.task3_private1"
                    ],
                    "primary": {
                        "id": "rtbassoc-048d8671d0c4435bb",
                        "attributes": {
                            "id": "rtbassoc-048d8671d0c4435bb",
                            "route_table_id": "rtb-0d7dce1b69e484af9",
                            "subnet_id": "subnet-06975593190d1a291"
                        },
                        "meta": {},
                        "tainted": false
                    },
                    "deposed": [],
                    "provider": "provider.aws"
                },
                "aws_route_table_association.prv_2": {
                    "type": "aws_route_table_association",
                    "depends_on": [
                        "aws_route_table.route_table_private",
                        "aws_subnet.task3_private2"
                    ],
                    "primary": {
                        "id": "rtbassoc-0867a01653371cfc4",
                        "attributes": {
                            "id": "rtbassoc-0867a01653371cfc4",
                            "route_table_id": "rtb-0d7dce1b69e484af9",
                            "subnet_id": "subnet-03e6729d1f1b5443d"
                        },
                        "meta": {},
                        "tainted": false
                    },
                    "deposed": [],
                    "provider": "provider.aws"
                },
                "aws_route_table_association.prv_3": {
                    "type": "aws_route_table_association",
                    "depends_on": [
                        "aws_route_table.route_table_private",
                        "aws_subnet.task3_private3"
                    ],
                    "primary": {
                        "id": "rtbassoc-07f18724ac42e44c1",
                        "attributes": {
                            "id": "rtbassoc-07f18724ac42e44c1",
                            "route_table_id": "rtb-0d7dce1b69e484af9",
                            "subnet_id": "subnet-02dcf9472a1610838"
                        },
                        "meta": {},
                        "tainted": false
                    },
                    "deposed": [],
                    "provider": "provider.aws"
                },
                "aws_security_group.allow_tls": {
                    "type": "aws_security_group",
                    "depends_on": [],
                    "primary": {
                        "id": "sg-01ae9129b6272ce23",
                        "attributes": {
                            "arn": "arn:aws:ec2:us-east-1:514430043235:security-group/sg-01ae9129b6272ce23",
                            "description": "Allow TLS inbound traffic",
                            "egress.#": "1",
                            "egress.482069346.cidr_blocks.#": "1",
                            "egress.482069346.cidr_blocks.0": "0.0.0.0/0",
                            "egress.482069346.description": "",
                            "egress.482069346.from_port": "0",
                            "egress.482069346.ipv6_cidr_blocks.#": "0",
                            "egress.482069346.prefix_list_ids.#": "0",
                            "egress.482069346.protocol": "-1",
                            "egress.482069346.security_groups.#": "0",
                            "egress.482069346.self": "false",
                            "egress.482069346.to_port": "0",
                            "id": "sg-01ae9129b6272ce23",
                            "ingress.#": "2",
                            "ingress.2156912855.cidr_blocks.#": "1",
                            "ingress.2156912855.cidr_blocks.0": "0.0.0.0/0",
                            "ingress.2156912855.description": "TLS from VPC",
                            "ingress.2156912855.from_port": "80",
                            "ingress.2156912855.ipv6_cidr_blocks.#": "0",
                            "ingress.2156912855.prefix_list_ids.#": "0",
                            "ingress.2156912855.protocol": "tcp",
                            "ingress.2156912855.security_groups.#": "0",
                            "ingress.2156912855.self": "false",
                            "ingress.2156912855.to_port": "80",
                            "ingress.22768159.cidr_blocks.#": "1",
                            "ingress.22768159.cidr_blocks.0": "0.0.0.0/0",
                            "ingress.22768159.description": "TLS from VPC",
                            "ingress.22768159.from_port": "22",
                            "ingress.22768159.ipv6_cidr_blocks.#": "0",
                            "ingress.22768159.prefix_list_ids.#": "0",
                            "ingress.22768159.protocol": "tcp",
                            "ingress.22768159.security_groups.#": "0",
                            "ingress.22768159.self": "false",
                            "ingress.22768159.to_port": "22",
                            "name": "allow_tls2",
                            "owner_id": "514430043235",
                            "revoke_rules_on_delete": "false",
                            "tags.%": "4",
                            "tags.Created_by": "sevil",
                            "tags.Department": "IT",
                            "tags.Environment": "Dev",
                            "tags.Team": "infrastructure",
                            "vpc_id": "vpc-03363a5a50c9cd738"
                        },
                        "meta": {
                            "e2bfb730-ecaa-11e6-8f88-34363bc7c4c0": {
                                "create": 600000000000,
                                "delete": 600000000000
                            },
                            "schema_version": "1"
                        },
                        "tainted": false
                    },
                    "deposed": [],
                    "provider": "provider.aws"
                },
                "aws_subnet.task3_private1": {
                    "type": "aws_subnet",
                    "depends_on": [
                        "aws_vpc.main"
                    ],
                    "primary": {
                        "id": "subnet-06975593190d1a291",
                        "attributes": {
                            "arn": "arn:aws:ec2:us-east-1:514430043235:subnet/subnet-06975593190d1a291",
                            "assign_ipv6_address_on_creation": "false",
                            "availability_zone": "us-east-1c",
                            "availability_zone_id": "use1-az2",
                            "cidr_block": "10.0.1.0/24",
                            "id": "subnet-06975593190d1a291",
                            "ipv6_cidr_block": "",
                            "ipv6_cidr_block_association_id": "",
                            "map_public_ip_on_launch": "false",
                            "owner_id": "514430043235",
                            "tags.%": "4",
                            "tags.Created_by": "sevil",
                            "tags.Department": "IT",
                            "tags.Environment": "Dev",
                            "tags.Team": "infrastructure",
                            "vpc_id": "vpc-0cbdaac7cc0011e3f"
                        },
                        "meta": {
                            "e2bfb730-ecaa-11e6-8f88-34363bc7c4c0": {
                                "create": 600000000000,
                                "delete": 1200000000000
                            },
                            "schema_version": "1"
                        },
                        "tainted": false
                    },
                    "deposed": [],
                    "provider": "provider.aws"
                },
                "aws_subnet.task3_private2": {
                    "type": "aws_subnet",
                    "depends_on": [
                        "aws_vpc.main"
                    ],
                    "primary": {
                        "id": "subnet-03e6729d1f1b5443d",
                        "attributes": {
                            "arn": "arn:aws:ec2:us-east-1:514430043235:subnet/subnet-03e6729d1f1b5443d",
                            "assign_ipv6_address_on_creation": "false",
                            "availability_zone": "us-east-1f",
                            "availability_zone_id": "use1-az5",
                            "cidr_block": "10.0.2.0/24",
                            "id": "subnet-03e6729d1f1b5443d",
                            "ipv6_cidr_block": "",
                            "ipv6_cidr_block_association_id": "",
                            "map_public_ip_on_launch": "false",
                            "owner_id": "514430043235",
                            "tags.%": "4",
                            "tags.Created_by": "sevil",
                            "tags.Department": "IT",
                            "tags.Environment": "Dev",
                            "tags.Team": "infrastructure",
                            "vpc_id": "vpc-0cbdaac7cc0011e3f"
                        },
                        "meta": {
                            "e2bfb730-ecaa-11e6-8f88-34363bc7c4c0": {
                                "create": 600000000000,
                                "delete": 1200000000000
                            },
                            "schema_version": "1"
                        },
                        "tainted": false
                    },
                    "deposed": [],
                    "provider": "provider.aws"
                },
                "aws_subnet.task3_private3": {
                    "type": "aws_subnet",
                    "depends_on": [
                        "aws_vpc.main"
                    ],
                    "primary": {
                        "id": "subnet-02dcf9472a1610838",
                        "attributes": {
                            "arn": "arn:aws:ec2:us-east-1:514430043235:subnet/subnet-02dcf9472a1610838",
                            "assign_ipv6_address_on_creation": "false",
                            "availability_zone": "us-east-1f",
                            "availability_zone_id": "use1-az5",
                            "cidr_block": "10.0.3.0/24",
                            "id": "subnet-02dcf9472a1610838",
                            "ipv6_cidr_block": "",
                            "ipv6_cidr_block_association_id": "",
                            "map_public_ip_on_launch": "false",
                            "owner_id": "514430043235",
                            "tags.%": "4",
                            "tags.Created_by": "sevil",
                            "tags.Department": "IT",
                            "tags.Environment": "Dev",
                            "tags.Team": "infrastructure",
                            "vpc_id": "vpc-0cbdaac7cc0011e3f"
                        },
                        "meta": {
                            "e2bfb730-ecaa-11e6-8f88-34363bc7c4c0": {
                                "create": 600000000000,
                                "delete": 1200000000000
                            },
                            "schema_version": "1"
                        },
                        "tainted": false
                    },
                    "deposed": [],
                    "provider": "provider.aws"
                },
                "aws_subnet.task3_public1": {
                    "type": "aws_subnet",
                    "depends_on": [
                        "aws_vpc.main"
                    ],
                    "primary": {
                        "id": "subnet-058eda02ce69a5523",
                        "attributes": {
                            "arn": "arn:aws:ec2:us-east-1:514430043235:subnet/subnet-058eda02ce69a5523",
                            "assign_ipv6_address_on_creation": "false",
                            "availability_zone": "us-east-1e",
                            "availability_zone_id": "use1-az3",
                            "cidr_block": "10.0.101.0/24",
                            "id": "subnet-058eda02ce69a5523",
                            "ipv6_cidr_block": "",
                            "ipv6_cidr_block_association_id": "",
                            "map_public_ip_on_launch": "false",
                            "owner_id": "514430043235",
                            "tags.%": "4",
                            "tags.Created_by": "sevil",
                            "tags.Department": "IT",
                            "tags.Environment": "Dev",
                            "tags.Team": "infrastructure",
                            "vpc_id": "vpc-0cbdaac7cc0011e3f"
                        },
                        "meta": {
                            "e2bfb730-ecaa-11e6-8f88-34363bc7c4c0": {
                                "create": 600000000000,
                                "delete": 1200000000000
                            },
                            "schema_version": "1"
                        },
                        "tainted": false
                    },
                    "deposed": [],
                    "provider": "provider.aws"
                },
                "aws_subnet.task3_public2": {
                    "type": "aws_subnet",
                    "depends_on": [
                        "aws_vpc.main"
                    ],
                    "primary": {
                        "id": "subnet-065d290b83b76f470",
                        "attributes": {
                            "arn": "arn:aws:ec2:us-east-1:514430043235:subnet/subnet-065d290b83b76f470",
                            "assign_ipv6_address_on_creation": "false",
                            "availability_zone": "us-east-1a",
                            "availability_zone_id": "use1-az6",
                            "cidr_block": "10.0.102.0/24",
                            "id": "subnet-065d290b83b76f470",
                            "ipv6_cidr_block": "",
                            "ipv6_cidr_block_association_id": "",
                            "map_public_ip_on_launch": "false",
                            "owner_id": "514430043235",
                            "tags.%": "4",
                            "tags.Created_by": "sevil",
                            "tags.Department": "IT",
                            "tags.Environment": "Dev",
                            "tags.Team": "infrastructure",
                            "vpc_id": "vpc-0cbdaac7cc0011e3f"
                        },
                        "meta": {
                            "e2bfb730-ecaa-11e6-8f88-34363bc7c4c0": {
                                "create": 600000000000,
                                "delete": 1200000000000
                            },
                            "schema_version": "1"
                        },
                        "tainted": false
                    },
                    "deposed": [],
                    "provider": "provider.aws"
                },
                "aws_subnet.task3_public3": {
                    "type": "aws_subnet",
                    "depends_on": [
                        "aws_vpc.main"
                    ],
                    "primary": {
                        "id": "subnet-0e0a7ca31c6849478",
                        "attributes": {
                            "arn": "arn:aws:ec2:us-east-1:514430043235:subnet/subnet-0e0a7ca31c6849478",
                            "assign_ipv6_address_on_creation": "false",
                            "availability_zone": "us-east-1e",
                            "availability_zone_id": "use1-az3",
                            "cidr_block": "10.0.103.0/24",
                            "id": "subnet-0e0a7ca31c6849478",
                            "ipv6_cidr_block": "",
                            "ipv6_cidr_block_association_id": "",
                            "map_public_ip_on_launch": "false",
                            "owner_id": "514430043235",
                            "tags.%": "4",
                            "tags.Created_by": "sevil",
                            "tags.Department": "IT",
                            "tags.Environment": "Dev",
                            "tags.Team": "infrastructure",
                            "vpc_id": "vpc-0cbdaac7cc0011e3f"
                        },
                        "meta": {
                            "e2bfb730-ecaa-11e6-8f88-34363bc7c4c0": {
                                "create": 600000000000,
                                "delete": 1200000000000
                            },
                            "schema_version": "1"
                        },
                        "tainted": false
                    },
                    "deposed": [],
                    "provider": "provider.aws"
                },
                "aws_vpc.main": {
                    "type": "aws_vpc",
                    "depends_on": [],
                    "primary": {
                        "id": "vpc-0cbdaac7cc0011e3f",
                        "attributes": {
                            "arn": "arn:aws:ec2:us-east-1:514430043235:vpc/vpc-0cbdaac7cc0011e3f",
                            "assign_generated_ipv6_cidr_block": "false",
                            "cidr_block": "10.0.0.0/16",
                            "default_network_acl_id": "acl-053a6036a1687c84b",
                            "default_route_table_id": "rtb-04fbdc8525103c5e7",
                            "default_security_group_id": "sg-007e207ba0f835305",
                            "dhcp_options_id": "dopt-9f78dfe5",
                            "enable_classiclink": "false",
                            "enable_classiclink_dns_support": "false",
                            "enable_dns_hostnames": "false",
                            "enable_dns_support": "true",
                            "id": "vpc-0cbdaac7cc0011e3f",
                            "instance_tenancy": "default",
                            "ipv6_association_id": "",
                            "ipv6_cidr_block": "",
                            "main_route_table_id": "rtb-04fbdc8525103c5e7",
                            "owner_id": "514430043235",
                            "tags.%": "4",
                            "tags.Created_by": "sevil",
                            "tags.Department": "IT",
                            "tags.Environment": "Dev",
                            "tags.Team": "infrastructure"
                        },
                        "meta": {
                            "schema_version": "1"
                        },
                        "tainted": false
                    },
                    "deposed": [],
                    "provider": "provider.aws"
                }
            },
            "depends_on": []
        }
    ]
}
