{
    "version": 3,
    "terraform_version": "0.11.14",
    "serial": 13,
    "lineage": "6237d380-e1ba-ba3f-fac9-1d185d546c9f",
    "modules": [
        {
            "path": [
                "root"
            ],
            "outputs": {
                "instance_arn": {
                    "sensitive": false,
                    "type": "string",
                    "value": "arn:aws:ec2:us-east-1:514430043235:instance/i-0a89d88136a0e92f9"
                },
                "instance_az": {
                    "sensitive": false,
                    "type": "string",
                    "value": "us-east-1c"
                },
                "instance_dn": {
                    "sensitive": false,
                    "type": "string",
                    "value": "ec2-18-212-168-23.compute-1.amazonaws.com"
                },
                "instance_id": {
                    "sensitive": false,
                    "type": "string",
                    "value": "i-0a89d88136a0e92f9"
                },
                "instance_ip": {
                    "sensitive": false,
                    "type": "string",
                    "value": "18.212.168.23"
                },
                "route53 fqdn": {
                    "sensitive": false,
                    "type": "string",
                    "value": "www.sevilcankiroglu.com"
                },
                "sec_group description": {
                    "sensitive": false,
                    "type": "string",
                    "value": "Allow TLS inbound traffic"
                },
                "sec_group vpc_id": {
                    "sensitive": false,
                    "type": "string",
                    "value": "vpc-03363a5a50c9cd738"
                }
            },
            "resources": {
                "aws_instance.web": {
                    "type": "aws_instance",
                    "depends_on": [],
                    "primary": {
                        "id": "i-0a89d88136a0e92f9",
                        "attributes": {
                            "ami": "ami-0323c3dd2da7fb37d",
                            "arn": "arn:aws:ec2:us-east-1:514430043235:instance/i-0a89d88136a0e92f9",
                            "associate_public_ip_address": "true",
                            "availability_zone": "us-east-1c",
                            "cpu_core_count": "1",
                            "cpu_threads_per_core": "1",
                            "credit_specification.#": "1",
                            "credit_specification.0.cpu_credits": "standard",
                            "disable_api_termination": "false",
                            "ebs_block_device.#": "0",
                            "ebs_optimized": "false",
                            "ephemeral_block_device.#": "0",
                            "get_password_data": "false",
                            "hibernation": "false",
                            "iam_instance_profile": "",
                            "id": "i-0a89d88136a0e92f9",
                            "instance_state": "running",
                            "instance_type": "t2.micro",
                            "ipv6_address_count": "0",
                            "ipv6_addresses.#": "0",
                            "key_name": "",
                            "metadata_options.#": "1",
                            "metadata_options.0.http_endpoint": "enabled",
                            "metadata_options.0.http_put_response_hop_limit": "1",
                            "metadata_options.0.http_tokens": "optional",
                            "monitoring": "false",
                            "network_interface.#": "0",
                            "password_data": "",
                            "placement_group": "",
                            "primary_network_interface_id": "eni-0fd38007021c8f64b",
                            "private_dns": "ip-172-31-92-158.ec2.internal",
                            "private_ip": "172.31.92.158",
                            "public_dns": "ec2-18-212-168-23.compute-1.amazonaws.com",
                            "public_ip": "18.212.168.23",
                            "root_block_device.#": "1",
                            "root_block_device.0.delete_on_termination": "true",
                            "root_block_device.0.device_name": "/dev/xvda",
                            "root_block_device.0.encrypted": "false",
                            "root_block_device.0.iops": "100",
                            "root_block_device.0.kms_key_id": "",
                            "root_block_device.0.volume_id": "vol-041d90d4278944c75",
                            "root_block_device.0.volume_size": "8",
                            "root_block_device.0.volume_type": "gp2",
                            "security_groups.#": "1",
                            "security_groups.3814588639": "default",
                            "source_dest_check": "true",
                            "subnet_id": "subnet-0d6fb35062872375b",
                            "tags.%": "1",
                            "tags.Name": "HelloWorld",
                            "tenancy": "default",
                            "user_data": "a68b4bf3461892b978b8e27dfd5faf55c66c9605",
                            "volume_tags.%": "0",
                            "vpc_security_group_ids.#": "1",
                            "vpc_security_group_ids.3993709610": "sg-0d11ffdde708eb1bb"
                        },
                        "meta": {
                            "e2bfb730-ecaa-11e6-8f88-34363bc7c4c0": {
                                "create": 600000000000,
                                "delete": 1200000000000,
                                "update": 600000000000
                            },
                            "schema_version": "1"
                        },
                        "tainted": false
                    },
                    "deposed": [],
                    "provider": "provider.aws"
                },
                "aws_route53_record.www": {
                    "type": "aws_route53_record",
                    "depends_on": [
                        "aws_instance.web"
                    ],
                    "primary": {
                        "id": "Z009097213R7B3H9ZE9ES_www.sevilcankiroglu.com_A",
                        "attributes": {
                            "fqdn": "www.sevilcankiroglu.com",
                            "health_check_id": "",
                            "id": "Z009097213R7B3H9ZE9ES_www.sevilcankiroglu.com_A",
                            "name": "www.sevilcankiroglu.com",
                            "records.#": "1",
                            "records.2866352571": "18.212.168.23",
                            "set_identifier": "",
                            "ttl": "60",
                            "type": "A",
                            "zone_id": "Z009097213R7B3H9ZE9ES"
                        },
                        "meta": {
                            "schema_version": "2"
                        },
                        "tainted": false
                    },
                    "deposed": [],
                    "provider": "provider.aws"
                },
                "aws_security_group.allow_tls": {
                    "type": "aws_security_group",
                    "depends_on": [],
                    "primary": {
                        "id": "sg-0709723027b42e2bf",
                        "attributes": {
                            "arn": "arn:aws:ec2:us-east-1:514430043235:security-group/sg-0709723027b42e2bf",
                            "description": "Allow TLS inbound traffic",
                            "egress.#": "1",
                            "egress.482069346.cidr_blocks.#": "1",
                            "egress.482069346.cidr_blocks.0": "0.0.0.0/0",
                            "egress.482069346.description": "",
                            "egress.482069346.from_port": "0",
                            "egress.482069346.ipv6_cidr_blocks.#": "0",
                            "egress.482069346.prefix_list_ids.#": "0",
                            "egress.482069346.protocol": "-1",
                            "egress.482069346.security_groups.#": "0",
                            "egress.482069346.self": "false",
                            "egress.482069346.to_port": "0",
                            "id": "sg-0709723027b42e2bf",
                            "ingress.#": "3",
                            "ingress.1650761905.cidr_blocks.#": "1",
                            "ingress.1650761905.cidr_blocks.0": "0.0.0.0/0",
                            "ingress.1650761905.description": "TLS from VPC",
                            "ingress.1650761905.from_port": "443",
                            "ingress.1650761905.ipv6_cidr_blocks.#": "0",
                            "ingress.1650761905.prefix_list_ids.#": "0",
                            "ingress.1650761905.protocol": "tcp",
                            "ingress.1650761905.security_groups.#": "0",
                            "ingress.1650761905.self": "false",
                            "ingress.1650761905.to_port": "443",
                            "ingress.2156912855.cidr_blocks.#": "1",
                            "ingress.2156912855.cidr_blocks.0": "0.0.0.0/0",
                            "ingress.2156912855.description": "TLS from VPC",
                            "ingress.2156912855.from_port": "80",
                            "ingress.2156912855.ipv6_cidr_blocks.#": "0",
                            "ingress.2156912855.prefix_list_ids.#": "0",
                            "ingress.2156912855.protocol": "tcp",
                            "ingress.2156912855.security_groups.#": "0",
                            "ingress.2156912855.self": "false",
                            "ingress.2156912855.to_port": "80",
                            "ingress.22768159.cidr_blocks.#": "1",
                            "ingress.22768159.cidr_blocks.0": "0.0.0.0/0",
                            "ingress.22768159.description": "TLS from VPC",
                            "ingress.22768159.from_port": "22",
                            "ingress.22768159.ipv6_cidr_blocks.#": "0",
                            "ingress.22768159.prefix_list_ids.#": "0",
                            "ingress.22768159.protocol": "tcp",
                            "ingress.22768159.security_groups.#": "0",
                            "ingress.22768159.self": "false",
                            "ingress.22768159.to_port": "22",
                            "name": "allow_tls2",
                            "owner_id": "514430043235",
                            "revoke_rules_on_delete": "false",
                            "tags.%": "1",
                            "tags.Name": "allow_tls",
                            "vpc_id": "vpc-03363a5a50c9cd738"
                        },
                        "meta": {
                            "e2bfb730-ecaa-11e6-8f88-34363bc7c4c0": {
                                "create": 600000000000,
                                "delete": 600000000000
                            },
                            "schema_version": "1"
                        },
                        "tainted": false
                    },
                    "deposed": [],
                    "provider": "provider.aws"
                }
            },
            "depends_on": []
        }
    ]
}
